// !$*UTF8*$!
{
	archiveVersion = 1;
	classes = {
	};
	objectVersion = 46;
	objects = {

/* Begin PBXBuildFile section */
		00854F118375FFC945F8F0E7 /* libz.dylib in Frameworks */ = {isa = PBXBuildFile; fileRef = 8A1C4DDB954C30D4CE1F2ADD /* libz.dylib */; };
		00C302E51ABCBA2D00DB3ED1 /* libRCTActionSheet.a in Frameworks */ = {isa = PBXBuildFile; fileRef = 00C302AC1ABCB8CE00DB3ED1 /* libRCTActionSheet.a */; };
		00C302E71ABCBA2D00DB3ED1 /* libRCTGeolocation.a in Frameworks */ = {isa = PBXBuildFile; fileRef = 00C302BA1ABCB90400DB3ED1 /* libRCTGeolocation.a */; };
		00C302E81ABCBA2D00DB3ED1 /* libRCTImage.a in Frameworks */ = {isa = PBXBuildFile; fileRef = 00C302C01ABCB91800DB3ED1 /* libRCTImage.a */; };
		00C302E91ABCBA2D00DB3ED1 /* libRCTNetwork.a in Frameworks */ = {isa = PBXBuildFile; fileRef = 00C302DC1ABCB9D200DB3ED1 /* libRCTNetwork.a */; };
		00C302EA1ABCBA2D00DB3ED1 /* libRCTVibration.a in Frameworks */ = {isa = PBXBuildFile; fileRef = 00C302E41ABCB9EE00DB3ED1 /* libRCTVibration.a */; };
		09A2442B9FAD827F6B3743D9 /* AVFoundation.framework in Frameworks */ = {isa = PBXBuildFile; fileRef = A6E8441C87EF8C5CED56482F /* AVFoundation.framework */; };
		0A4240EF99ABF756A9A21432 /* MediaPlayer.framework in Frameworks */ = {isa = PBXBuildFile; fileRef = F67D428B9CA4C83F928C4FF9 /* MediaPlayer.framework */; };
		0A8E053E9D384173BBEB7B8C /* EvilIcons.ttf in Resources */ = {isa = PBXBuildFile; fileRef = 81B461D2E9E34D1B8BCB5BB4 /* EvilIcons.ttf */; };
		0E2B45508355DF1F984C63D5 /* Photos.framework in Frameworks */ = {isa = PBXBuildFile; fileRef = 489D46FFAB43DF549C99C5A0 /* Photos.framework */; };
		0ED722E5509648669949C6C0 /* FontAwesome.ttf in Resources */ = {isa = PBXBuildFile; fileRef = C8F6815539E94A348C14812A /* FontAwesome.ttf */; };
		133E29F31AD74F7200F7D852 /* libRCTLinking.a in Frameworks */ = {isa = PBXBuildFile; fileRef = 78C398B91ACF4ADC00677621 /* libRCTLinking.a */; };
		139105C61AF99C1200B5F7CC /* libRCTSettings.a in Frameworks */ = {isa = PBXBuildFile; fileRef = 139105C11AF99BAD00B5F7CC /* libRCTSettings.a */; };
		139FDEF61B0652A700C62182 /* libRCTWebSocket.a in Frameworks */ = {isa = PBXBuildFile; fileRef = 139FDEF41B06529B00C62182 /* libRCTWebSocket.a */; };
		13B07FBC1A68108700A75B9A /* AppDelegate.m in Sources */ = {isa = PBXBuildFile; fileRef = 13B07FB01A68108700A75B9A /* AppDelegate.m */; };
		13B07FBF1A68108700A75B9A /* Images.xcassets in Resources */ = {isa = PBXBuildFile; fileRef = 13B07FB51A68108700A75B9A /* Images.xcassets */; };
		13B07FC11A68108700A75B9A /* main.m in Sources */ = {isa = PBXBuildFile; fileRef = 13B07FB71A68108700A75B9A /* main.m */; };
		146834051AC3E58100842450 /* libReact.a in Frameworks */ = {isa = PBXBuildFile; fileRef = 146834041AC3E56700842450 /* libReact.a */; };
		147744AFB0231527190DCDD8 /* CoreGraphics.framework in Frameworks */ = {isa = PBXBuildFile; fileRef = 17F149D98D163A6EE2A240BE /* CoreGraphics.framework */; };
		1FC841E8AF721EB7753CBA05 /* libstdc++.6.0.9.dylib in Frameworks */ = {isa = PBXBuildFile; fileRef = 56FB4144BC1AFA0FE4DAEE90 /* libstdc++.6.0.9.dylib */; };
		291243E2B02FF55BE9E1C068 /* AssetsLibrary.framework in Frameworks */ = {isa = PBXBuildFile; fileRef = E8A1402C805E2337A089004A /* AssetsLibrary.framework */; };
		29A24D179699BEB14341BDC3 /* ImageIO.framework in Frameworks */ = {isa = PBXBuildFile; fileRef = ECB14F6C90A020674D6A4352 /* ImageIO.framework */; };
		2B294186958AFC0C65859D29 /* Foundation.framework in Frameworks */ = {isa = PBXBuildFile; fileRef = 63A04B229E518ACC3BC0C0E4 /* Foundation.framework */; };
		2B3441B2BB5538C08B79C8EB /* StoreKit.framework in Frameworks */ = {isa = PBXBuildFile; fileRef = D4B841B39B8C3724699D1A1C /* StoreKit.framework */; settings = {ATTRIBUTES = (Weak, ); }; };
		2FFDA23B73F94BA78D05638F /* Octicons.ttf in Resources */ = {isa = PBXBuildFile; fileRef = 5EF9903E73754229A8EA4C56 /* Octicons.ttf */; };
		310742E795F8D3D5D759807A /* CoreLocation.framework in Frameworks */ = {isa = PBXBuildFile; fileRef = 4FE94C599F225793A586D75A /* CoreLocation.framework */; };
		3B6A4828935FF5673ED9AECA /* CFNetwork.framework in Frameworks */ = {isa = PBXBuildFile; fileRef = B49A42CC8C16CEFE8C731EB2 /* CFNetwork.framework */; };
		459D4259B6CF9D695CA2381F /* SystemConfiguration.framework in Frameworks */ = {isa = PBXBuildFile; fileRef = F37547F2A9834C96583C5923 /* SystemConfiguration.framework */; };
		4C6936EC1D5349F8871EB879 /* Zocial.ttf in Resources */ = {isa = PBXBuildFile; fileRef = 4C4D9D25B5414F0AAF3E24C0 /* Zocial.ttf */; };
		52B84E22BAE89AB696E6817E /* Social.framework in Frameworks */ = {isa = PBXBuildFile; fileRef = 680741D7A13F068C29C28497 /* Social.framework */; };
		755C416689658ADF1EB1EE90 /* AudioToolbox.framework in Frameworks */ = {isa = PBXBuildFile; fileRef = D3854E32A7698D5D8D40FECC /* AudioToolbox.framework */; };
		7F734766B93D8A5B436AE847 /* EventKit.framework in Frameworks */ = {isa = PBXBuildFile; fileRef = 1C90444D8AD91D82B6207F6F /* EventKit.framework */; };
		832341BD1AAA6AB300B99B32 /* libRCTText.a in Frameworks */ = {isa = PBXBuildFile; fileRef = 832341B51AAA6A8300B99B32 /* libRCTText.a */; };
		894632DC6B3249B49E6EB470 /* Ionicons.ttf in Resources */ = {isa = PBXBuildFile; fileRef = F3F621A33AD643D5A33D63EA /* Ionicons.ttf */; };
		97354ED3A968825500965FC7 /* AdSupport.framework in Frameworks */ = {isa = PBXBuildFile; fileRef = E6E645ACA6E9D0FFCCE68697 /* AdSupport.framework */; };
		9797457C812743B2A94AC132 /* MobileCoreServices.framework in Frameworks */ = {isa = PBXBuildFile; fileRef = 43E8479698251270C299BD15 /* MobileCoreServices.framework */; };
		A30B29C61D8D8B0900627B16 /* libRNVectorIcons.a in Frameworks */ = {isa = PBXBuildFile; fileRef = A33B2E471D8BDC5300A90EC6 /* libRNVectorIcons.a */; };
		A30CD8BF1DA0FA4200CBC808 /* InfoPlist.strings in Resources */ = {isa = PBXBuildFile; fileRef = A30CD8C11DA0FA4200CBC808 /* InfoPlist.strings */; };
		A30CD96D1DA2A34E00CBC808 /* NativeManager.m in Sources */ = {isa = PBXBuildFile; fileRef = A30CD96C1DA2A34E00CBC808 /* NativeManager.m */; };
		A30CD96E1DA2AD0900CBC808 /* libRNDeviceActivity.a in Frameworks */ = {isa = PBXBuildFile; fileRef = A3E743A71DA0E90200FEEED2 /* libRNDeviceActivity.a */; };
		A30CD96F1DA2AD1000CBC808 /* libRNAdMobManager.a in Frameworks */ = {isa = PBXBuildFile; fileRef = A30CD9031DA16BFD00CBC808 /* libRNAdMobManager.a */; };
		A30CD9711DA376F400CBC808 /* UMMobClick.framework in Frameworks */ = {isa = PBXBuildFile; fileRef = A30CD9701DA376F400CBC808 /* UMMobClick.framework */; };
		A30CD9731DA3770F00CBC808 /* CoreTelephony.framework in Frameworks */ = {isa = PBXBuildFile; fileRef = A30CD9721DA3770F00CBC808 /* CoreTelephony.framework */; };
		A30CD9741DA3771800CBC808 /* libz.tbd in Frameworks */ = {isa = PBXBuildFile; fileRef = A30CD9601DA259E100CBC808 /* libz.tbd */; };
		A30CD9751DA3772800CBC808 /* libsqlite3.tbd in Frameworks */ = {isa = PBXBuildFile; fileRef = A30CD9661DA25A1A00CBC808 /* libsqlite3.tbd */; };
		A34E42A1947688639C8F946B /* UIKit.framework in Frameworks */ = {isa = PBXBuildFile; fileRef = 1B1145FBBF11DA8409E4FFB8 /* UIKit.framework */; };
		A359CF711DAA852B00166BA1 /* libicucore.tbd in Frameworks */ = {isa = PBXBuildFile; fileRef = A30CD95E1DA259D300CBC808 /* libicucore.tbd */; };
		A359CF721DAA854100166BA1 /* libstdc++.tbd in Frameworks */ = {isa = PBXBuildFile; fileRef = A30CD9621DA259EF00CBC808 /* libstdc++.tbd */; };
		A359CF731DAA855400166BA1 /* JavaScriptCore.framework in Frameworks */ = {isa = PBXBuildFile; fileRef = A30CD9641DA259FD00CBC808 /* JavaScriptCore.framework */; };
		A35F49D3BB5F35B2BD3AAF49 /* libresolv.dylib in Frameworks */ = {isa = PBXBuildFile; fileRef = C0EF4283ADFD66B88F2E9B20 /* libresolv.dylib */; };
		A39AE5481E5354C800A8E105 /* libRCTAnimation.a in Frameworks */ = {isa = PBXBuildFile; fileRef = A39AE5451E5353C600A8E105 /* libRCTAnimation.a */; };
		A39AE5781E55EA7700A8E105 /* GoogleMobileAds.framework in Frameworks */ = {isa = PBXBuildFile; fileRef = A39AE5771E55EA7700A8E105 /* GoogleMobileAds.framework */; };
		A39AE5A21E55EB8300A8E105 /* ktplay.bundle in Resources */ = {isa = PBXBuildFile; fileRef = A39AE58D1E55EB8300A8E105 /* ktplay.bundle */; };
		A39AE5A31E55EB8300A8E105 /* ktplayAD.bundle in Resources */ = {isa = PBXBuildFile; fileRef = A39AE58F1E55EB8300A8E105 /* ktplayAD.bundle */; };
		A39AE5A41E55EB8300A8E105 /* ktplayVideo.bundle in Resources */ = {isa = PBXBuildFile; fileRef = A39AE5901E55EB8300A8E105 /* ktplayVideo.bundle */; };
		A39AE5A51E55EB8300A8E105 /* libKtplay_iphoneos.a in Frameworks */ = {isa = PBXBuildFile; fileRef = A39AE5921E55EB8300A8E105 /* libKtplay_iphoneos.a */; };
		A39AE5A61E55EB8300A8E105 /* libKtplay_iphonesimulator.a in Frameworks */ = {isa = PBXBuildFile; fileRef = A39AE5931E55EB8300A8E105 /* libKtplay_iphonesimulator.a */; };
		A39AE5A71E55EB8300A8E105 /* libKtplayAd.a in Frameworks */ = {isa = PBXBuildFile; fileRef = A39AE5941E55EB8300A8E105 /* libKtplayAd.a */; };
		A39AE5A81E55EB8300A8E105 /* libKtplayVideo.a in Frameworks */ = {isa = PBXBuildFile; fileRef = A39AE5951E55EB8300A8E105 /* libKtplayVideo.a */; };
		A39AE5A91E55EB8300A8E105 /* libCAEAGLLayerCategory.a in Frameworks */ = {isa = PBXBuildFile; fileRef = A39AE5981E55EB8300A8E105 /* libCAEAGLLayerCategory.a */; };
		A39AE5AA1E55EB8300A8E105 /* libFMDB.a in Frameworks */ = {isa = PBXBuildFile; fileRef = A39AE59A1E55EB8300A8E105 /* libFMDB.a */; };
		A39AE5AB1E55EB8300A8E105 /* libMasonry.a in Frameworks */ = {isa = PBXBuildFile; fileRef = A39AE59C1E55EB8300A8E105 /* libMasonry.a */; };
		A39AE5AC1E55EB8300A8E105 /* libOpenUDID.a in Frameworks */ = {isa = PBXBuildFile; fileRef = A39AE59E1E55EB8300A8E105 /* libOpenUDID.a */; };
		A39AE5AD1E55EB8300A8E105 /* libUnityPatch.a in Frameworks */ = {isa = PBXBuildFile; fileRef = A39AE5A01E55EB8300A8E105 /* libUnityPatch.a */; };
		A3F485FD1D9D62AA00901D2D /* libRNDeviceInfo.a in Frameworks */ = {isa = PBXBuildFile; fileRef = A3F485FB1D9D624200901D2D /* libRNDeviceInfo.a */; };
		A3FEEFA81D9C223E001327C8 /* libART.a in Frameworks */ = {isa = PBXBuildFile; fileRef = A3FEEF9C1D9C2218001327C8 /* libART.a */; };
		A586420EB354CE982D76CFAB /* CoreMedia.framework in Frameworks */ = {isa = PBXBuildFile; fileRef = 94A84E208EF64E224A7106A1 /* CoreMedia.framework */; };
		A9BD4A64BEAB24BEA4C2D76B /* libz.1.2.5.dylib in Frameworks */ = {isa = PBXBuildFile; fileRef = 97DD477D9E01D9640FA23D72 /* libz.1.2.5.dylib */; };
		AB8844C281B3839C0310CF14 /* QuartzCore.framework in Frameworks */ = {isa = PBXBuildFile; fileRef = 0D0A49E292934AF809DD5439 /* QuartzCore.framework */; };
		B78E3DC138154ADFB8F0087D /* MaterialIcons.ttf in Resources */ = {isa = PBXBuildFile; fileRef = 9DA8437EFB3B40499E66B5CE /* MaterialIcons.ttf */; };
		BEEE33BCBCBB497181F32AAE /* Entypo.ttf in Resources */ = {isa = PBXBuildFile; fileRef = FA0F607A38164EB38E00748D /* Entypo.ttf */; };
		C4E34998BC6F2D960B750F56 /* OpenGLES.framework in Frameworks */ = {isa = PBXBuildFile; fileRef = DBC545019FCE556DF96C8097 /* OpenGLES.framework */; };
		C7FA4D20B1B25913AF98B20D /* EventKitUI.framework in Frameworks */ = {isa = PBXBuildFile; fileRef = 8D4042B0AB5235D7F357B774 /* EventKitUI.framework */; };
		CAE4468D8A9B887CCFBA6D09 /* libsqlite3.dylib in Frameworks */ = {isa = PBXBuildFile; fileRef = F7B44D0E8EEB79D645E4BAE6 /* libsqlite3.dylib */; };
		D40C4C7D81904AC15E193E3F /* AddressBook.framework in Frameworks */ = {isa = PBXBuildFile; fileRef = 317144A594D13D1728922E91 /* AddressBook.framework */; };
		D7EF420FAFCE496BB2486370 /* CoreText.framework in Frameworks */ = {isa = PBXBuildFile; fileRef = 2B224E6DAE28385C0987BF9C /* CoreText.framework */; };
		D9444D37A3556695098D2055 /* Accounts.framework in Frameworks */ = {isa = PBXBuildFile; fileRef = A6EC43799F83226DD2009987 /* Accounts.framework */; };
		E5544309825D99BF76577651 /* CoreFoundation.framework in Frameworks */ = {isa = PBXBuildFile; fileRef = 32E0402D9AB8086445904001 /* CoreFoundation.framework */; };
		EBA04B9EF1084048823F1F18 /* Foundation.ttf in Resources */ = {isa = PBXBuildFile; fileRef = 415D4F3EE14E41049D658A42 /* Foundation.ttf */; };
		FC9B4ADF992B5CB05AACB41E /* CoreData.framework in Frameworks */ = {isa = PBXBuildFile; fileRef = 788D49F3ACCE8740F031A9BD /* CoreData.framework */; };
/* End PBXBuildFile section */

/* Begin PBXContainerItemProxy section */
		00C302AB1ABCB8CE00DB3ED1 /* PBXContainerItemProxy */ = {
			isa = PBXContainerItemProxy;
			containerPortal = 00C302A71ABCB8CE00DB3ED1 /* RCTActionSheet.xcodeproj */;
			proxyType = 2;
			remoteGlobalIDString = 134814201AA4EA6300B7C361;
			remoteInfo = RCTActionSheet;
		};
		00C302B91ABCB90400DB3ED1 /* PBXContainerItemProxy */ = {
			isa = PBXContainerItemProxy;
			containerPortal = 00C302B51ABCB90400DB3ED1 /* RCTGeolocation.xcodeproj */;
			proxyType = 2;
			remoteGlobalIDString = 134814201AA4EA6300B7C361;
			remoteInfo = RCTGeolocation;
		};
		00C302BF1ABCB91800DB3ED1 /* PBXContainerItemProxy */ = {
			isa = PBXContainerItemProxy;
			containerPortal = 00C302BB1ABCB91800DB3ED1 /* RCTImage.xcodeproj */;
			proxyType = 2;
			remoteGlobalIDString = 58B5115D1A9E6B3D00147676;
			remoteInfo = RCTImage;
		};
		00C302DB1ABCB9D200DB3ED1 /* PBXContainerItemProxy */ = {
			isa = PBXContainerItemProxy;
			containerPortal = 00C302D31ABCB9D200DB3ED1 /* RCTNetwork.xcodeproj */;
			proxyType = 2;
			remoteGlobalIDString = 58B511DB1A9E6C8500147676;
			remoteInfo = RCTNetwork;
		};
		00C302E31ABCB9EE00DB3ED1 /* PBXContainerItemProxy */ = {
			isa = PBXContainerItemProxy;
			containerPortal = 00C302DF1ABCB9EE00DB3ED1 /* RCTVibration.xcodeproj */;
			proxyType = 2;
			remoteGlobalIDString = 832C81801AAF6DEF007FA2F7;
			remoteInfo = RCTVibration;
		};
		139105C01AF99BAD00B5F7CC /* PBXContainerItemProxy */ = {
			isa = PBXContainerItemProxy;
			containerPortal = 139105B61AF99BAD00B5F7CC /* RCTSettings.xcodeproj */;
			proxyType = 2;
			remoteGlobalIDString = 134814201AA4EA6300B7C361;
			remoteInfo = RCTSettings;
		};
		139FDEF31B06529B00C62182 /* PBXContainerItemProxy */ = {
			isa = PBXContainerItemProxy;
			containerPortal = 139FDEE61B06529A00C62182 /* RCTWebSocket.xcodeproj */;
			proxyType = 2;
			remoteGlobalIDString = 3C86DF461ADF2C930047B81A;
			remoteInfo = RCTWebSocket;
		};
		146834031AC3E56700842450 /* PBXContainerItemProxy */ = {
			isa = PBXContainerItemProxy;
			containerPortal = 146833FF1AC3E56700842450 /* React.xcodeproj */;
			proxyType = 2;
			remoteGlobalIDString = 83CBBA2E1A601D0E00E9B192;
			remoteInfo = React;
		};
		78C398B81ACF4ADC00677621 /* PBXContainerItemProxy */ = {
			isa = PBXContainerItemProxy;
			containerPortal = 78C398B01ACF4ADC00677621 /* RCTLinking.xcodeproj */;
			proxyType = 2;
			remoteGlobalIDString = 134814201AA4EA6300B7C361;
			remoteInfo = RCTLinking;
		};
		832341B41AAA6A8300B99B32 /* PBXContainerItemProxy */ = {
			isa = PBXContainerItemProxy;
			containerPortal = 832341B01AAA6A8300B99B32 /* RCTText.xcodeproj */;
			proxyType = 2;
			remoteGlobalIDString = 58B5119B1A9E6C1200147676;
			remoteInfo = RCTText;
		};
		A30CD9021DA16BFD00CBC808 /* PBXContainerItemProxy */ = {
			isa = PBXContainerItemProxy;
			containerPortal = 1E857B4B23754FABB48B91A2 /* RNAdMobManager.xcodeproj */;
			proxyType = 2;
			remoteGlobalIDString = A96DA7741C146D7200FC639B;
			remoteInfo = RNAdMobManager;
		};
		A33B2E461D8BDC5300A90EC6 /* PBXContainerItemProxy */ = {
			isa = PBXContainerItemProxy;
			containerPortal = C8061FD5827440F4B4B38534 /* RNVectorIcons.xcodeproj */;
			proxyType = 2;
			remoteGlobalIDString = 5DBEB1501B18CEA900B34395;
			remoteInfo = RNVectorIcons;
		};
		A39AE5201E534EEC00A8E105 /* PBXContainerItemProxy */ = {
			isa = PBXContainerItemProxy;
			containerPortal = 00C302BB1ABCB91800DB3ED1 /* RCTImage.xcodeproj */;
			proxyType = 2;
			remoteGlobalIDString = 2D2A283A1D9B042B00D4039D;
			remoteInfo = "RCTImage-tvOS";
		};
		A39AE5241E534EEC00A8E105 /* PBXContainerItemProxy */ = {
			isa = PBXContainerItemProxy;
			containerPortal = 78C398B01ACF4ADC00677621 /* RCTLinking.xcodeproj */;
			proxyType = 2;
			remoteGlobalIDString = 2D2A28471D9B043800D4039D;
			remoteInfo = "RCTLinking-tvOS";
		};
		A39AE5281E534EEC00A8E105 /* PBXContainerItemProxy */ = {
			isa = PBXContainerItemProxy;
			containerPortal = 00C302D31ABCB9D200DB3ED1 /* RCTNetwork.xcodeproj */;
			proxyType = 2;
			remoteGlobalIDString = 2D2A28541D9B044C00D4039D;
			remoteInfo = "RCTNetwork-tvOS";
		};
		A39AE52C1E534EEC00A8E105 /* PBXContainerItemProxy */ = {
			isa = PBXContainerItemProxy;
			containerPortal = 139105B61AF99BAD00B5F7CC /* RCTSettings.xcodeproj */;
			proxyType = 2;
			remoteGlobalIDString = 2D2A28611D9B046600D4039D;
			remoteInfo = "RCTSettings-tvOS";
		};
		A39AE5301E534EEC00A8E105 /* PBXContainerItemProxy */ = {
			isa = PBXContainerItemProxy;
			containerPortal = 832341B01AAA6A8300B99B32 /* RCTText.xcodeproj */;
			proxyType = 2;
			remoteGlobalIDString = 2D2A287B1D9B048500D4039D;
			remoteInfo = "RCTText-tvOS";
		};
		A39AE5351E534EEC00A8E105 /* PBXContainerItemProxy */ = {
			isa = PBXContainerItemProxy;
			containerPortal = 139FDEE61B06529A00C62182 /* RCTWebSocket.xcodeproj */;
			proxyType = 2;
			remoteGlobalIDString = 2D2A28881D9B049200D4039D;
			remoteInfo = "RCTWebSocket-tvOS";
		};
		A39AE5391E534EEC00A8E105 /* PBXContainerItemProxy */ = {
			isa = PBXContainerItemProxy;
			containerPortal = 146833FF1AC3E56700842450 /* React.xcodeproj */;
			proxyType = 2;
			remoteGlobalIDString = 2D2A28131D9B038B00D4039D;
			remoteInfo = "React-tvOS";
		};
		A39AE5441E5353C600A8E105 /* PBXContainerItemProxy */ = {
			isa = PBXContainerItemProxy;
			containerPortal = A39AE53F1E5353C600A8E105 /* RCTAnimation.xcodeproj */;
			proxyType = 2;
			remoteGlobalIDString = 134814201AA4EA6300B7C361;
			remoteInfo = RCTAnimation;
		};
		A39AE5461E5353C600A8E105 /* PBXContainerItemProxy */ = {
			isa = PBXContainerItemProxy;
			containerPortal = A39AE53F1E5353C600A8E105 /* RCTAnimation.xcodeproj */;
			proxyType = 2;
			remoteGlobalIDString = 2D2A28201D9B03D100D4039D;
			remoteInfo = "RCTAnimation-tvOS";
		};
		A3E743A61DA0E90200FEEED2 /* PBXContainerItemProxy */ = {
			isa = PBXContainerItemProxy;
			containerPortal = 4A64DE6810D5410998B69150 /* RNDeviceActivity.xcodeproj */;
			proxyType = 2;
			remoteGlobalIDString = 76E65CCF1D4CAE77009B7AF1;
			remoteInfo = RNDeviceActivity;
		};
		A3F485FA1D9D624200901D2D /* PBXContainerItemProxy */ = {
			isa = PBXContainerItemProxy;
			containerPortal = AC94960C7AC5421791097747 /* RNDeviceInfo.xcodeproj */;
			proxyType = 2;
			remoteGlobalIDString = DA5891D81BA9A9FC002B4DB2;
			remoteInfo = RNDeviceInfo;
		};
		A3FEEF9B1D9C2218001327C8 /* PBXContainerItemProxy */ = {
			isa = PBXContainerItemProxy;
			containerPortal = A3FEEF971D9C2218001327C8 /* ART.xcodeproj */;
			proxyType = 2;
			remoteGlobalIDString = 0CF68AC11AF0540F00FF9E5C;
			remoteInfo = ART;
		};
/* End PBXContainerItemProxy section */

/* Begin PBXFileReference section */
		008F07F21AC5B25A0029DE68 /* main.jsbundle */ = {isa = PBXFileReference; fileEncoding = 4; lastKnownFileType = text; path = main.jsbundle; sourceTree = "<group>"; };
		00C302A71ABCB8CE00DB3ED1 /* RCTActionSheet.xcodeproj */ = {isa = PBXFileReference; lastKnownFileType = "wrapper.pb-project"; name = RCTActionSheet.xcodeproj; path = "../node_modules/react-native/Libraries/ActionSheetIOS/RCTActionSheet.xcodeproj"; sourceTree = "<group>"; };
		00C302B51ABCB90400DB3ED1 /* RCTGeolocation.xcodeproj */ = {isa = PBXFileReference; lastKnownFileType = "wrapper.pb-project"; name = RCTGeolocation.xcodeproj; path = "../node_modules/react-native/Libraries/Geolocation/RCTGeolocation.xcodeproj"; sourceTree = "<group>"; };
		00C302BB1ABCB91800DB3ED1 /* RCTImage.xcodeproj */ = {isa = PBXFileReference; lastKnownFileType = "wrapper.pb-project"; name = RCTImage.xcodeproj; path = "../node_modules/react-native/Libraries/Image/RCTImage.xcodeproj"; sourceTree = "<group>"; };
		00C302D31ABCB9D200DB3ED1 /* RCTNetwork.xcodeproj */ = {isa = PBXFileReference; lastKnownFileType = "wrapper.pb-project"; name = RCTNetwork.xcodeproj; path = "../node_modules/react-native/Libraries/Network/RCTNetwork.xcodeproj"; sourceTree = "<group>"; };
		00C302DF1ABCB9EE00DB3ED1 /* RCTVibration.xcodeproj */ = {isa = PBXFileReference; lastKnownFileType = "wrapper.pb-project"; name = RCTVibration.xcodeproj; path = "../node_modules/react-native/Libraries/Vibration/RCTVibration.xcodeproj"; sourceTree = "<group>"; };
		0D0A49E292934AF809DD5439 /* QuartzCore.framework */ = {isa = PBXFileReference; lastKnownFileType = wrapper.framework; name = QuartzCore.framework; path = System/Library/Frameworks/QuartzCore.framework; sourceTree = SDKROOT; };
		139105B61AF99BAD00B5F7CC /* RCTSettings.xcodeproj */ = {isa = PBXFileReference; lastKnownFileType = "wrapper.pb-project"; name = RCTSettings.xcodeproj; path = "../node_modules/react-native/Libraries/Settings/RCTSettings.xcodeproj"; sourceTree = "<group>"; };
		139FDEE61B06529A00C62182 /* RCTWebSocket.xcodeproj */ = {isa = PBXFileReference; lastKnownFileType = "wrapper.pb-project"; name = RCTWebSocket.xcodeproj; path = "../node_modules/react-native/Libraries/WebSocket/RCTWebSocket.xcodeproj"; sourceTree = "<group>"; };
		13B07F961A680F5B00A75B9A /* Project.app */ = {isa = PBXFileReference; explicitFileType = wrapper.application; includeInIndex = 0; path = Project.app; sourceTree = BUILT_PRODUCTS_DIR; };
		13B07FAF1A68108700A75B9A /* AppDelegate.h */ = {isa = PBXFileReference; fileEncoding = 4; lastKnownFileType = sourcecode.c.h; name = AppDelegate.h; path = Project/AppDelegate.h; sourceTree = "<group>"; };
		13B07FB01A68108700A75B9A /* AppDelegate.m */ = {isa = PBXFileReference; fileEncoding = 4; lastKnownFileType = sourcecode.c.objc; name = AppDelegate.m; path = Project/AppDelegate.m; sourceTree = "<group>"; };
		13B07FB51A68108700A75B9A /* Images.xcassets */ = {isa = PBXFileReference; lastKnownFileType = folder.assetcatalog; name = Images.xcassets; path = Project/Images.xcassets; sourceTree = "<group>"; };
		13B07FB61A68108700A75B9A /* Info.plist */ = {isa = PBXFileReference; fileEncoding = 4; lastKnownFileType = text.plist.xml; name = Info.plist; path = Project/Info.plist; sourceTree = "<group>"; };
		13B07FB71A68108700A75B9A /* main.m */ = {isa = PBXFileReference; fileEncoding = 4; lastKnownFileType = sourcecode.c.objc; name = main.m; path = Project/main.m; sourceTree = "<group>"; };
		146833FF1AC3E56700842450 /* React.xcodeproj */ = {isa = PBXFileReference; lastKnownFileType = "wrapper.pb-project"; name = React.xcodeproj; path = "../node_modules/react-native/React/React.xcodeproj"; sourceTree = "<group>"; };
		17F149D98D163A6EE2A240BE /* CoreGraphics.framework */ = {isa = PBXFileReference; lastKnownFileType = wrapper.framework; name = CoreGraphics.framework; path = System/Library/Frameworks/CoreGraphics.framework; sourceTree = SDKROOT; };
		1B1145FBBF11DA8409E4FFB8 /* UIKit.framework */ = {isa = PBXFileReference; lastKnownFileType = wrapper.framework; name = UIKit.framework; path = System/Library/Frameworks/UIKit.framework; sourceTree = SDKROOT; };
		1C90444D8AD91D82B6207F6F /* EventKit.framework */ = {isa = PBXFileReference; lastKnownFileType = wrapper.framework; name = EventKit.framework; path = System/Library/Frameworks/EventKit.framework; sourceTree = SDKROOT; };
		1E857B4B23754FABB48B91A2 /* RNAdMobManager.xcodeproj */ = {isa = PBXFileReference; explicitFileType = undefined; fileEncoding = 9; includeInIndex = 0; lastKnownFileType = "wrapper.pb-project"; name = RNAdMobManager.xcodeproj; path = "../node_modules/react-native-admob/ios/RNAdMobManager.xcodeproj"; sourceTree = "<group>"; };
		2B224E6DAE28385C0987BF9C /* CoreText.framework */ = {isa = PBXFileReference; lastKnownFileType = wrapper.framework; name = CoreText.framework; path = System/Library/Frameworks/CoreText.framework; sourceTree = SDKROOT; };
		317144A594D13D1728922E91 /* AddressBook.framework */ = {isa = PBXFileReference; lastKnownFileType = wrapper.framework; name = AddressBook.framework; path = System/Library/Frameworks/AddressBook.framework; sourceTree = SDKROOT; };
		32E0402D9AB8086445904001 /* CoreFoundation.framework */ = {isa = PBXFileReference; lastKnownFileType = wrapper.framework; name = CoreFoundation.framework; path = System/Library/Frameworks/CoreFoundation.framework; sourceTree = SDKROOT; };
		415D4F3EE14E41049D658A42 /* Foundation.ttf */ = {isa = PBXFileReference; explicitFileType = undefined; fileEncoding = 9; includeInIndex = 0; lastKnownFileType = unknown; name = Foundation.ttf; path = "../node_modules/react-native-vector-icons/Fonts/Foundation.ttf"; sourceTree = "<group>"; };
		43E8479698251270C299BD15 /* MobileCoreServices.framework */ = {isa = PBXFileReference; lastKnownFileType = wrapper.framework; name = MobileCoreServices.framework; path = System/Library/Frameworks/MobileCoreServices.framework; sourceTree = SDKROOT; };
		489D46FFAB43DF549C99C5A0 /* Photos.framework */ = {isa = PBXFileReference; lastKnownFileType = wrapper.framework; name = Photos.framework; path = System/Library/Frameworks/Photos.framework; sourceTree = SDKROOT; };
		4A64DE6810D5410998B69150 /* RNDeviceActivity.xcodeproj */ = {isa = PBXFileReference; explicitFileType = undefined; fileEncoding = 9; includeInIndex = 0; lastKnownFileType = "wrapper.pb-project"; name = RNDeviceActivity.xcodeproj; path = "../node_modules/rn-device-activity/ios/RNDeviceActivity.xcodeproj"; sourceTree = "<group>"; };
		4C4D9D25B5414F0AAF3E24C0 /* Zocial.ttf */ = {isa = PBXFileReference; explicitFileType = undefined; fileEncoding = 9; includeInIndex = 0; lastKnownFileType = unknown; name = Zocial.ttf; path = "../node_modules/react-native-vector-icons/Fonts/Zocial.ttf"; sourceTree = "<group>"; };
		4FE94C599F225793A586D75A /* CoreLocation.framework */ = {isa = PBXFileReference; lastKnownFileType = wrapper.framework; name = CoreLocation.framework; path = System/Library/Frameworks/CoreLocation.framework; sourceTree = SDKROOT; };
		56FB4144BC1AFA0FE4DAEE90 /* libstdc++.6.0.9.dylib */ = {isa = PBXFileReference; lastKnownFileType = "compiled.mach-o.dylib"; name = "libstdc++.6.0.9.dylib"; path = "/usr/lib/libstdc++.6.0.9.dylib"; sourceTree = "<absolute>"; };
		5EF9903E73754229A8EA4C56 /* Octicons.ttf */ = {isa = PBXFileReference; explicitFileType = undefined; fileEncoding = 9; includeInIndex = 0; lastKnownFileType = unknown; name = Octicons.ttf; path = "../node_modules/react-native-vector-icons/Fonts/Octicons.ttf"; sourceTree = "<group>"; };
		63A04B229E518ACC3BC0C0E4 /* Foundation.framework */ = {isa = PBXFileReference; lastKnownFileType = wrapper.framework; name = Foundation.framework; path = System/Library/Frameworks/Foundation.framework; sourceTree = SDKROOT; };
		680741D7A13F068C29C28497 /* Social.framework */ = {isa = PBXFileReference; lastKnownFileType = wrapper.framework; name = Social.framework; path = System/Library/Frameworks/Social.framework; sourceTree = SDKROOT; };
		788D49F3ACCE8740F031A9BD /* CoreData.framework */ = {isa = PBXFileReference; lastKnownFileType = wrapper.framework; name = CoreData.framework; path = System/Library/Frameworks/CoreData.framework; sourceTree = SDKROOT; };
		78C398B01ACF4ADC00677621 /* RCTLinking.xcodeproj */ = {isa = PBXFileReference; lastKnownFileType = "wrapper.pb-project"; name = RCTLinking.xcodeproj; path = "../node_modules/react-native/Libraries/LinkingIOS/RCTLinking.xcodeproj"; sourceTree = "<group>"; };
		81B461D2E9E34D1B8BCB5BB4 /* EvilIcons.ttf */ = {isa = PBXFileReference; explicitFileType = undefined; fileEncoding = 9; includeInIndex = 0; lastKnownFileType = unknown; name = EvilIcons.ttf; path = "../node_modules/react-native-vector-icons/Fonts/EvilIcons.ttf"; sourceTree = "<group>"; };
		832341B01AAA6A8300B99B32 /* RCTText.xcodeproj */ = {isa = PBXFileReference; lastKnownFileType = "wrapper.pb-project"; name = RCTText.xcodeproj; path = "../node_modules/react-native/Libraries/Text/RCTText.xcodeproj"; sourceTree = "<group>"; };
		8A1C4DDB954C30D4CE1F2ADD /* libz.dylib */ = {isa = PBXFileReference; lastKnownFileType = "compiled.mach-o.dylib"; name = libz.dylib; path = /usr/lib/libz.dylib; sourceTree = "<absolute>"; };
		8D4042B0AB5235D7F357B774 /* EventKitUI.framework */ = {isa = PBXFileReference; lastKnownFileType = wrapper.framework; name = EventKitUI.framework; path = System/Library/Frameworks/EventKitUI.framework; sourceTree = SDKROOT; };
		94A84E208EF64E224A7106A1 /* CoreMedia.framework */ = {isa = PBXFileReference; lastKnownFileType = wrapper.framework; name = CoreMedia.framework; path = System/Library/Frameworks/CoreMedia.framework; sourceTree = SDKROOT; };
		97DD477D9E01D9640FA23D72 /* libz.1.2.5.dylib */ = {isa = PBXFileReference; lastKnownFileType = "compiled.mach-o.dylib"; name = libz.1.2.5.dylib; path = /usr/lib/libz.1.2.5.dylib; sourceTree = "<absolute>"; };
		9DA8437EFB3B40499E66B5CE /* MaterialIcons.ttf */ = {isa = PBXFileReference; explicitFileType = undefined; fileEncoding = 9; includeInIndex = 0; lastKnownFileType = unknown; name = MaterialIcons.ttf; path = "../node_modules/react-native-vector-icons/Fonts/MaterialIcons.ttf"; sourceTree = "<group>"; };
		A30CD8C01DA0FA4200CBC808 /* Base */ = {isa = PBXFileReference; lastKnownFileType = text.plist.strings; name = Base; path = Base.lproj/InfoPlist.strings; sourceTree = "<group>"; };
		A30CD8C21DA0FA5900CBC808 /* zh-Hans */ = {isa = PBXFileReference; lastKnownFileType = text.plist.strings; name = "zh-Hans"; path = "zh-Hans.lproj/InfoPlist.strings"; sourceTree = "<group>"; };
		A30CD8C31DA0FA6200CBC808 /* zh-Hant */ = {isa = PBXFileReference; lastKnownFileType = text.plist.strings; name = "zh-Hant"; path = "zh-Hant.lproj/InfoPlist.strings"; sourceTree = "<group>"; };
		A30CD95E1DA259D300CBC808 /* libicucore.tbd */ = {isa = PBXFileReference; lastKnownFileType = "sourcecode.text-based-dylib-definition"; name = libicucore.tbd; path = usr/lib/libicucore.tbd; sourceTree = SDKROOT; };
		A30CD9601DA259E100CBC808 /* libz.tbd */ = {isa = PBXFileReference; lastKnownFileType = "sourcecode.text-based-dylib-definition"; name = libz.tbd; path = usr/lib/libz.tbd; sourceTree = SDKROOT; };
		A30CD9621DA259EF00CBC808 /* libstdc++.tbd */ = {isa = PBXFileReference; lastKnownFileType = "sourcecode.text-based-dylib-definition"; name = "libstdc++.tbd"; path = "usr/lib/libstdc++.tbd"; sourceTree = SDKROOT; };
		A30CD9641DA259FD00CBC808 /* JavaScriptCore.framework */ = {isa = PBXFileReference; lastKnownFileType = wrapper.framework; name = JavaScriptCore.framework; path = System/Library/Frameworks/JavaScriptCore.framework; sourceTree = SDKROOT; };
		A30CD9661DA25A1A00CBC808 /* libsqlite3.tbd */ = {isa = PBXFileReference; lastKnownFileType = "sourcecode.text-based-dylib-definition"; name = libsqlite3.tbd; path = usr/lib/libsqlite3.tbd; sourceTree = SDKROOT; };
		A30CD9681DA25A2300CBC808 /* MessageUI.framework */ = {isa = PBXFileReference; lastKnownFileType = wrapper.framework; name = MessageUI.framework; path = System/Library/Frameworks/MessageUI.framework; sourceTree = SDKROOT; };
		A30CD96B1DA2A33800CBC808 /* NativeManager.h */ = {isa = PBXFileReference; lastKnownFileType = sourcecode.c.h; name = NativeManager.h; path = Project/NativeManager.h; sourceTree = "<group>"; };
		A30CD96C1DA2A34E00CBC808 /* NativeManager.m */ = {isa = PBXFileReference; fileEncoding = 4; lastKnownFileType = sourcecode.c.objc; name = NativeManager.m; path = Project/NativeManager.m; sourceTree = "<group>"; };
		A30CD9701DA376F400CBC808 /* UMMobClick.framework */ = {isa = PBXFileReference; lastKnownFileType = wrapper.framework; path = UMMobClick.framework; sourceTree = "<group>"; };
		A30CD9721DA3770F00CBC808 /* CoreTelephony.framework */ = {isa = PBXFileReference; lastKnownFileType = wrapper.framework; name = CoreTelephony.framework; path = System/Library/Frameworks/CoreTelephony.framework; sourceTree = SDKROOT; };
		A39AE53F1E5353C600A8E105 /* RCTAnimation.xcodeproj */ = {isa = PBXFileReference; lastKnownFileType = "wrapper.pb-project"; name = RCTAnimation.xcodeproj; path = "../node_modules/react-native/Libraries/NativeAnimation/RCTAnimation.xcodeproj"; sourceTree = "<group>"; };
		A39AE5771E55EA7700A8E105 /* GoogleMobileAds.framework */ = {isa = PBXFileReference; lastKnownFileType = wrapper.framework; path = GoogleMobileAds.framework; sourceTree = "<group>"; };
		A39AE58C1E55EB8300A8E105 /* KTAccountManager.h */ = {isa = PBXFileReference; fileEncoding = 4; lastKnownFileType = sourcecode.c.h; path = KTAccountManager.h; sourceTree = "<group>"; };
		A39AE58D1E55EB8300A8E105 /* ktplay.bundle */ = {isa = PBXFileReference; lastKnownFileType = "wrapper.plug-in"; path = ktplay.bundle; sourceTree = "<group>"; };
		A39AE58E1E55EB8300A8E105 /* KTPlay.h */ = {isa = PBXFileReference; fileEncoding = 4; lastKnownFileType = sourcecode.c.h; path = KTPlay.h; sourceTree = "<group>"; };
		A39AE58F1E55EB8300A8E105 /* ktplayAD.bundle */ = {isa = PBXFileReference; lastKnownFileType = "wrapper.plug-in"; path = ktplayAD.bundle; sourceTree = "<group>"; };
		A39AE5901E55EB8300A8E105 /* ktplayVideo.bundle */ = {isa = PBXFileReference; lastKnownFileType = "wrapper.plug-in"; path = ktplayVideo.bundle; sourceTree = "<group>"; };
		A39AE5911E55EB8300A8E105 /* KTUser.h */ = {isa = PBXFileReference; fileEncoding = 4; lastKnownFileType = sourcecode.c.h; path = KTUser.h; sourceTree = "<group>"; };
		A39AE5921E55EB8300A8E105 /* libKtplay_iphoneos.a */ = {isa = PBXFileReference; lastKnownFileType = archive.ar; path = libKtplay_iphoneos.a; sourceTree = "<group>"; };
		A39AE5931E55EB8300A8E105 /* libKtplay_iphonesimulator.a */ = {isa = PBXFileReference; lastKnownFileType = archive.ar; path = libKtplay_iphonesimulator.a; sourceTree = "<group>"; };
		A39AE5941E55EB8300A8E105 /* libKtplayAd.a */ = {isa = PBXFileReference; lastKnownFileType = archive.ar; path = libKtplayAd.a; sourceTree = "<group>"; };
		A39AE5951E55EB8300A8E105 /* libKtplayVideo.a */ = {isa = PBXFileReference; lastKnownFileType = archive.ar; path = libKtplayVideo.a; sourceTree = "<group>"; };
		A39AE5981E55EB8300A8E105 /* libCAEAGLLayerCategory.a */ = {isa = PBXFileReference; lastKnownFileType = archive.ar; path = libCAEAGLLayerCategory.a; sourceTree = "<group>"; };
		A39AE59A1E55EB8300A8E105 /* libFMDB.a */ = {isa = PBXFileReference; lastKnownFileType = archive.ar; path = libFMDB.a; sourceTree = "<group>"; };
		A39AE59C1E55EB8300A8E105 /* libMasonry.a */ = {isa = PBXFileReference; lastKnownFileType = archive.ar; path = libMasonry.a; sourceTree = "<group>"; };
		A39AE59E1E55EB8300A8E105 /* libOpenUDID.a */ = {isa = PBXFileReference; lastKnownFileType = archive.ar; path = libOpenUDID.a; sourceTree = "<group>"; };
		A39AE5A01E55EB8300A8E105 /* libUnityPatch.a */ = {isa = PBXFileReference; lastKnownFileType = archive.ar; path = libUnityPatch.a; sourceTree = "<group>"; };
		A3FEEF971D9C2218001327C8 /* ART.xcodeproj */ = {isa = PBXFileReference; lastKnownFileType = "wrapper.pb-project"; name = ART.xcodeproj; path = "../node_modules/react-native/Libraries/ART/ART.xcodeproj"; sourceTree = "<group>"; };
		A6E8441C87EF8C5CED56482F /* AVFoundation.framework */ = {isa = PBXFileReference; lastKnownFileType = wrapper.framework; name = AVFoundation.framework; path = System/Library/Frameworks/AVFoundation.framework; sourceTree = SDKROOT; };
		A6EC43799F83226DD2009987 /* Accounts.framework */ = {isa = PBXFileReference; lastKnownFileType = wrapper.framework; name = Accounts.framework; path = System/Library/Frameworks/Accounts.framework; sourceTree = SDKROOT; };
		AC94960C7AC5421791097747 /* RNDeviceInfo.xcodeproj */ = {isa = PBXFileReference; explicitFileType = undefined; fileEncoding = 9; includeInIndex = 0; lastKnownFileType = "wrapper.pb-project"; name = RNDeviceInfo.xcodeproj; path = "../node_modules/react-native-device-info/RNDeviceInfo.xcodeproj"; sourceTree = "<group>"; };
		B49A42CC8C16CEFE8C731EB2 /* CFNetwork.framework */ = {isa = PBXFileReference; lastKnownFileType = wrapper.framework; name = CFNetwork.framework; path = System/Library/Frameworks/CFNetwork.framework; sourceTree = SDKROOT; };
		C0EF4283ADFD66B88F2E9B20 /* libresolv.dylib */ = {isa = PBXFileReference; lastKnownFileType = "compiled.mach-o.dylib"; name = libresolv.dylib; path = /usr/lib/libresolv.dylib; sourceTree = "<absolute>"; };
		C8061FD5827440F4B4B38534 /* RNVectorIcons.xcodeproj */ = {isa = PBXFileReference; explicitFileType = undefined; fileEncoding = 9; includeInIndex = 0; lastKnownFileType = "wrapper.pb-project"; name = RNVectorIcons.xcodeproj; path = "../node_modules/react-native-vector-icons/RNVectorIcons.xcodeproj"; sourceTree = "<group>"; };
		C8F6815539E94A348C14812A /* FontAwesome.ttf */ = {isa = PBXFileReference; explicitFileType = undefined; fileEncoding = 9; includeInIndex = 0; lastKnownFileType = unknown; name = FontAwesome.ttf; path = "../node_modules/react-native-vector-icons/Fonts/FontAwesome.ttf"; sourceTree = "<group>"; };
		D3854E32A7698D5D8D40FECC /* AudioToolbox.framework */ = {isa = PBXFileReference; lastKnownFileType = wrapper.framework; name = AudioToolbox.framework; path = System/Library/Frameworks/AudioToolbox.framework; sourceTree = SDKROOT; };
		D4B841B39B8C3724699D1A1C /* StoreKit.framework */ = {isa = PBXFileReference; lastKnownFileType = wrapper.framework; name = StoreKit.framework; path = System/Library/Frameworks/StoreKit.framework; sourceTree = SDKROOT; };
		DBC545019FCE556DF96C8097 /* OpenGLES.framework */ = {isa = PBXFileReference; lastKnownFileType = wrapper.framework; name = OpenGLES.framework; path = System/Library/Frameworks/OpenGLES.framework; sourceTree = SDKROOT; };
		E6E645ACA6E9D0FFCCE68697 /* AdSupport.framework */ = {isa = PBXFileReference; lastKnownFileType = wrapper.framework; name = AdSupport.framework; path = System/Library/Frameworks/AdSupport.framework; sourceTree = SDKROOT; };
		E8A1402C805E2337A089004A /* AssetsLibrary.framework */ = {isa = PBXFileReference; lastKnownFileType = wrapper.framework; name = AssetsLibrary.framework; path = System/Library/Frameworks/AssetsLibrary.framework; sourceTree = SDKROOT; };
		ECB14F6C90A020674D6A4352 /* ImageIO.framework */ = {isa = PBXFileReference; lastKnownFileType = wrapper.framework; name = ImageIO.framework; path = System/Library/Frameworks/ImageIO.framework; sourceTree = SDKROOT; };
		F37547F2A9834C96583C5923 /* SystemConfiguration.framework */ = {isa = PBXFileReference; lastKnownFileType = wrapper.framework; name = SystemConfiguration.framework; path = System/Library/Frameworks/SystemConfiguration.framework; sourceTree = SDKROOT; };
		F3F621A33AD643D5A33D63EA /* Ionicons.ttf */ = {isa = PBXFileReference; explicitFileType = undefined; fileEncoding = 9; includeInIndex = 0; lastKnownFileType = unknown; name = Ionicons.ttf; path = "../node_modules/react-native-vector-icons/Fonts/Ionicons.ttf"; sourceTree = "<group>"; };
		F67D428B9CA4C83F928C4FF9 /* MediaPlayer.framework */ = {isa = PBXFileReference; lastKnownFileType = wrapper.framework; name = MediaPlayer.framework; path = System/Library/Frameworks/MediaPlayer.framework; sourceTree = SDKROOT; };
		F7B44D0E8EEB79D645E4BAE6 /* libsqlite3.dylib */ = {isa = PBXFileReference; lastKnownFileType = "compiled.mach-o.dylib"; name = libsqlite3.dylib; path = /usr/lib/libsqlite3.dylib; sourceTree = "<absolute>"; };
		FA0F607A38164EB38E00748D /* Entypo.ttf */ = {isa = PBXFileReference; explicitFileType = undefined; fileEncoding = 9; includeInIndex = 0; lastKnownFileType = unknown; name = Entypo.ttf; path = "../node_modules/react-native-vector-icons/Fonts/Entypo.ttf"; sourceTree = "<group>"; };
/* End PBXFileReference section */

/* Begin PBXFrameworksBuildPhase section */
		13B07F8C1A680F5B00A75B9A /* Frameworks */ = {
			isa = PBXFrameworksBuildPhase;
			buildActionMask = 2147483647;
			files = (
				A39AE5481E5354C800A8E105 /* libRCTAnimation.a in Frameworks */,
				A39AE5A91E55EB8300A8E105 /* libCAEAGLLayerCategory.a in Frameworks */,
				A359CF731DAA855400166BA1 /* JavaScriptCore.framework in Frameworks */,
				A359CF721DAA854100166BA1 /* libstdc++.tbd in Frameworks */,
				A359CF711DAA852B00166BA1 /* libicucore.tbd in Frameworks */,
				A30CD9751DA3772800CBC808 /* libsqlite3.tbd in Frameworks */,
				A30CD9741DA3771800CBC808 /* libz.tbd in Frameworks */,
				A30CD9731DA3770F00CBC808 /* CoreTelephony.framework in Frameworks */,
				A30CD96F1DA2AD1000CBC808 /* libRNAdMobManager.a in Frameworks */,
				A30CD96E1DA2AD0900CBC808 /* libRNDeviceActivity.a in Frameworks */,
				A3F485FD1D9D62AA00901D2D /* libRNDeviceInfo.a in Frameworks */,
				A39AE5AC1E55EB8300A8E105 /* libOpenUDID.a in Frameworks */,
				A3FEEFA81D9C223E001327C8 /* libART.a in Frameworks */,
				A30B29C61D8D8B0900627B16 /* libRNVectorIcons.a in Frameworks */,
				146834051AC3E58100842450 /* libReact.a in Frameworks */,
				00C302E51ABCBA2D00DB3ED1 /* libRCTActionSheet.a in Frameworks */,
				A39AE5AB1E55EB8300A8E105 /* libMasonry.a in Frameworks */,
				00C302E71ABCBA2D00DB3ED1 /* libRCTGeolocation.a in Frameworks */,
				00C302E81ABCBA2D00DB3ED1 /* libRCTImage.a in Frameworks */,
				133E29F31AD74F7200F7D852 /* libRCTLinking.a in Frameworks */,
				A39AE5AA1E55EB8300A8E105 /* libFMDB.a in Frameworks */,
				00C302E91ABCBA2D00DB3ED1 /* libRCTNetwork.a in Frameworks */,
				A39AE5781E55EA7700A8E105 /* GoogleMobileAds.framework in Frameworks */,
				139105C61AF99C1200B5F7CC /* libRCTSettings.a in Frameworks */,
				832341BD1AAA6AB300B99B32 /* libRCTText.a in Frameworks */,
				00C302EA1ABCBA2D00DB3ED1 /* libRCTVibration.a in Frameworks */,
				A30CD9711DA376F400CBC808 /* UMMobClick.framework in Frameworks */,
				139FDEF61B0652A700C62182 /* libRCTWebSocket.a in Frameworks */,
				E5544309825D99BF76577651 /* CoreFoundation.framework in Frameworks */,
				97354ED3A968825500965FC7 /* AdSupport.framework in Frameworks */,
				7F734766B93D8A5B436AE847 /* EventKit.framework in Frameworks */,
				C7FA4D20B1B25913AF98B20D /* EventKitUI.framework in Frameworks */,
				FC9B4ADF992B5CB05AACB41E /* CoreData.framework in Frameworks */,
				0E2B45508355DF1F984C63D5 /* Photos.framework in Frameworks */,
				C4E34998BC6F2D960B750F56 /* OpenGLES.framework in Frameworks */,
				A34E42A1947688639C8F946B /* UIKit.framework in Frameworks */,
				A39AE5A71E55EB8300A8E105 /* libKtplayAd.a in Frameworks */,
				459D4259B6CF9D695CA2381F /* SystemConfiguration.framework in Frameworks */,
				AB8844C281B3839C0310CF14 /* QuartzCore.framework in Frameworks */,
				9797457C812743B2A94AC132 /* MobileCoreServices.framework in Frameworks */,
				29A24D179699BEB14341BDC3 /* ImageIO.framework in Frameworks */,
				A39AE5A81E55EB8300A8E105 /* libKtplayVideo.a in Frameworks */,
				2B294186958AFC0C65859D29 /* Foundation.framework in Frameworks */,
				147744AFB0231527190DCDD8 /* CoreGraphics.framework in Frameworks */,
				3B6A4828935FF5673ED9AECA /* CFNetwork.framework in Frameworks */,
				755C416689658ADF1EB1EE90 /* AudioToolbox.framework in Frameworks */,
				291243E2B02FF55BE9E1C068 /* AssetsLibrary.framework in Frameworks */,
				2B3441B2BB5538C08B79C8EB /* StoreKit.framework in Frameworks */,
				D7EF420FAFCE496BB2486370 /* CoreText.framework in Frameworks */,
				310742E795F8D3D5D759807A /* CoreLocation.framework in Frameworks */,
				D40C4C7D81904AC15E193E3F /* AddressBook.framework in Frameworks */,
				A39AE5AD1E55EB8300A8E105 /* libUnityPatch.a in Frameworks */,
				D9444D37A3556695098D2055 /* Accounts.framework in Frameworks */,
				52B84E22BAE89AB696E6817E /* Social.framework in Frameworks */,
				0A4240EF99ABF756A9A21432 /* MediaPlayer.framework in Frameworks */,
				A39AE5A51E55EB8300A8E105 /* libKtplay_iphoneos.a in Frameworks */,
				A39AE5A61E55EB8300A8E105 /* libKtplay_iphonesimulator.a in Frameworks */,
				09A2442B9FAD827F6B3743D9 /* AVFoundation.framework in Frameworks */,
				A586420EB354CE982D76CFAB /* CoreMedia.framework in Frameworks */,
				CAE4468D8A9B887CCFBA6D09 /* libsqlite3.dylib in Frameworks */,
				00854F118375FFC945F8F0E7 /* libz.dylib in Frameworks */,
				A9BD4A64BEAB24BEA4C2D76B /* libz.1.2.5.dylib in Frameworks */,
				1FC841E8AF721EB7753CBA05 /* libstdc++.6.0.9.dylib in Frameworks */,
				A35F49D3BB5F35B2BD3AAF49 /* libresolv.dylib in Frameworks */,
			);
			runOnlyForDeploymentPostprocessing = 0;
		};
/* End PBXFrameworksBuildPhase section */

/* Begin PBXGroup section */
		00C302A81ABCB8CE00DB3ED1 /* Products */ = {
			isa = PBXGroup;
			children = (
				00C302AC1ABCB8CE00DB3ED1 /* libRCTActionSheet.a */,
			);
			name = Products;
			sourceTree = "<group>";
		};
		00C302B61ABCB90400DB3ED1 /* Products */ = {
			isa = PBXGroup;
			children = (
				00C302BA1ABCB90400DB3ED1 /* libRCTGeolocation.a */,
			);
			name = Products;
			sourceTree = "<group>";
		};
		00C302BC1ABCB91800DB3ED1 /* Products */ = {
			isa = PBXGroup;
			children = (
				00C302C01ABCB91800DB3ED1 /* libRCTImage.a */,
				A39AE5211E534EEC00A8E105 /* libRCTImage-tvOS.a */,
			);
			name = Products;
			sourceTree = "<group>";
		};
		00C302D41ABCB9D200DB3ED1 /* Products */ = {
			isa = PBXGroup;
			children = (
				00C302DC1ABCB9D200DB3ED1 /* libRCTNetwork.a */,
				A39AE5291E534EEC00A8E105 /* libRCTNetwork-tvOS.a */,
			);
			name = Products;
			sourceTree = "<group>";
		};
		00C302E01ABCB9EE00DB3ED1 /* Products */ = {
			isa = PBXGroup;
			children = (
				00C302E41ABCB9EE00DB3ED1 /* libRCTVibration.a */,
			);
			name = Products;
			sourceTree = "<group>";
		};
		139105B71AF99BAD00B5F7CC /* Products */ = {
			isa = PBXGroup;
			children = (
				139105C11AF99BAD00B5F7CC /* libRCTSettings.a */,
				A39AE52D1E534EEC00A8E105 /* libRCTSettings-tvOS.a */,
			);
			name = Products;
			sourceTree = "<group>";
		};
		139FDEE71B06529A00C62182 /* Products */ = {
			isa = PBXGroup;
			children = (
				139FDEF41B06529B00C62182 /* libRCTWebSocket.a */,
				A39AE5361E534EEC00A8E105 /* libRCTWebSocket-tvOS.a */,
			);
			name = Products;
			sourceTree = "<group>";
		};
		13B07FAE1A68108700A75B9A /* Project */ = {
			isa = PBXGroup;
			children = (
				008F07F21AC5B25A0029DE68 /* main.jsbundle */,
				13B07FAF1A68108700A75B9A /* AppDelegate.h */,
				13B07FB01A68108700A75B9A /* AppDelegate.m */,
				13B07FB51A68108700A75B9A /* Images.xcassets */,
				13B07FB61A68108700A75B9A /* Info.plist */,
				13B07FB71A68108700A75B9A /* main.m */,
				A30CD8C11DA0FA4200CBC808 /* InfoPlist.strings */,
				A30CD96B1DA2A33800CBC808 /* NativeManager.h */,
				A30CD96C1DA2A34E00CBC808 /* NativeManager.m */,
			);
			name = Project;
			sourceTree = "<group>";
		};
		146834001AC3E56700842450 /* Products */ = {
			isa = PBXGroup;
			children = (
				146834041AC3E56700842450 /* libReact.a */,
				A39AE53A1E534EEC00A8E105 /* libReact-tvOS.a */,
			);
			name = Products;
			sourceTree = "<group>";
		};
		6CF12D57CB534C5DAB416295 /* Resources */ = {
			isa = PBXGroup;
			children = (
				F3F621A33AD643D5A33D63EA /* Ionicons.ttf */,
				FA0F607A38164EB38E00748D /* Entypo.ttf */,
				81B461D2E9E34D1B8BCB5BB4 /* EvilIcons.ttf */,
				C8F6815539E94A348C14812A /* FontAwesome.ttf */,
				415D4F3EE14E41049D658A42 /* Foundation.ttf */,
				9DA8437EFB3B40499E66B5CE /* MaterialIcons.ttf */,
				5EF9903E73754229A8EA4C56 /* Octicons.ttf */,
				4C4D9D25B5414F0AAF3E24C0 /* Zocial.ttf */,
			);
			name = Resources;
			sourceTree = "<group>";
		};
		78C398B11ACF4ADC00677621 /* Products */ = {
			isa = PBXGroup;
			children = (
				78C398B91ACF4ADC00677621 /* libRCTLinking.a */,
				A39AE5251E534EEC00A8E105 /* libRCTLinking-tvOS.a */,
			);
			name = Products;
			sourceTree = "<group>";
		};
		832341AE1AAA6A7D00B99B32 /* Libraries */ = {
			isa = PBXGroup;
			children = (
				A39AE53F1E5353C600A8E105 /* RCTAnimation.xcodeproj */,
				A3FEEF971D9C2218001327C8 /* ART.xcodeproj */,
				146833FF1AC3E56700842450 /* React.xcodeproj */,
				00C302A71ABCB8CE00DB3ED1 /* RCTActionSheet.xcodeproj */,
				00C302B51ABCB90400DB3ED1 /* RCTGeolocation.xcodeproj */,
				00C302BB1ABCB91800DB3ED1 /* RCTImage.xcodeproj */,
				78C398B01ACF4ADC00677621 /* RCTLinking.xcodeproj */,
				00C302D31ABCB9D200DB3ED1 /* RCTNetwork.xcodeproj */,
				139105B61AF99BAD00B5F7CC /* RCTSettings.xcodeproj */,
				832341B01AAA6A8300B99B32 /* RCTText.xcodeproj */,
				00C302DF1ABCB9EE00DB3ED1 /* RCTVibration.xcodeproj */,
				139FDEE61B06529A00C62182 /* RCTWebSocket.xcodeproj */,
				C8061FD5827440F4B4B38534 /* RNVectorIcons.xcodeproj */,
				AC94960C7AC5421791097747 /* RNDeviceInfo.xcodeproj */,
				4A64DE6810D5410998B69150 /* RNDeviceActivity.xcodeproj */,
				1E857B4B23754FABB48B91A2 /* RNAdMobManager.xcodeproj */,
			);
			name = Libraries;
			sourceTree = "<group>";
		};
		832341B11AAA6A8300B99B32 /* Products */ = {
			isa = PBXGroup;
			children = (
				832341B51AAA6A8300B99B32 /* libRCTText.a */,
				A39AE5311E534EEC00A8E105 /* libRCTText-tvOS.a */,
			);
			name = Products;
			sourceTree = "<group>";
		};
		83CBB9F61A601CBA00E9B192 = {
			isa = PBXGroup;
			children = (
				A30CD8E21DA10B5000CBC808 /* Framework */,
				13B07FAE1A68108700A75B9A /* Project */,
				832341AE1AAA6A7D00B99B32 /* Libraries */,
				83CBBA001A601CBA00E9B192 /* Products */,
				6CF12D57CB534C5DAB416295 /* Resources */,
				A30CD95D1DA259D300CBC808 /* Frameworks */,
			);
			indentWidth = 2;
			sourceTree = "<group>";
			tabWidth = 2;
		};
		83CBBA001A601CBA00E9B192 /* Products */ = {
			isa = PBXGroup;
			children = (
				13B07F961A680F5B00A75B9A /* Project.app */,
			);
			name = Products;
			sourceTree = "<group>";
		};
		A30CD8E21DA10B5000CBC808 /* Framework */ = {
			isa = PBXGroup;
			children = (
				A39AE5891E55EB8300A8E105 /* KTPlaySDK */,
				A39AE5771E55EA7700A8E105 /* GoogleMobileAds.framework */,
				A30CD9701DA376F400CBC808 /* UMMobClick.framework */,
			);
			name = Framework;
			sourceTree = "<group>";
		};
		A30CD8F41DA16BFD00CBC808 /* Products */ = {
			isa = PBXGroup;
			children = (
				A30CD9031DA16BFD00CBC808 /* libRNAdMobManager.a */,
			);
			name = Products;
			sourceTree = "<group>";
		};
		A30CD95D1DA259D300CBC808 /* Frameworks */ = {
			isa = PBXGroup;
			children = (
				A30CD9721DA3770F00CBC808 /* CoreTelephony.framework */,
				A30CD9681DA25A2300CBC808 /* MessageUI.framework */,
				A30CD9661DA25A1A00CBC808 /* libsqlite3.tbd */,
				A30CD9641DA259FD00CBC808 /* JavaScriptCore.framework */,
				A30CD9621DA259EF00CBC808 /* libstdc++.tbd */,
				A30CD9601DA259E100CBC808 /* libz.tbd */,
				A30CD95E1DA259D300CBC808 /* libicucore.tbd */,
				32E0402D9AB8086445904001 /* CoreFoundation.framework */,
				E6E645ACA6E9D0FFCCE68697 /* AdSupport.framework */,
				1C90444D8AD91D82B6207F6F /* EventKit.framework */,
				8D4042B0AB5235D7F357B774 /* EventKitUI.framework */,
				788D49F3ACCE8740F031A9BD /* CoreData.framework */,
				489D46FFAB43DF549C99C5A0 /* Photos.framework */,
				DBC545019FCE556DF96C8097 /* OpenGLES.framework */,
				1B1145FBBF11DA8409E4FFB8 /* UIKit.framework */,
				F37547F2A9834C96583C5923 /* SystemConfiguration.framework */,
				0D0A49E292934AF809DD5439 /* QuartzCore.framework */,
				43E8479698251270C299BD15 /* MobileCoreServices.framework */,
				ECB14F6C90A020674D6A4352 /* ImageIO.framework */,
				63A04B229E518ACC3BC0C0E4 /* Foundation.framework */,
				17F149D98D163A6EE2A240BE /* CoreGraphics.framework */,
				B49A42CC8C16CEFE8C731EB2 /* CFNetwork.framework */,
				D3854E32A7698D5D8D40FECC /* AudioToolbox.framework */,
				E8A1402C805E2337A089004A /* AssetsLibrary.framework */,
				D4B841B39B8C3724699D1A1C /* StoreKit.framework */,
				2B224E6DAE28385C0987BF9C /* CoreText.framework */,
				4FE94C599F225793A586D75A /* CoreLocation.framework */,
				317144A594D13D1728922E91 /* AddressBook.framework */,
				A6EC43799F83226DD2009987 /* Accounts.framework */,
				680741D7A13F068C29C28497 /* Social.framework */,
				F67D428B9CA4C83F928C4FF9 /* MediaPlayer.framework */,
				A6E8441C87EF8C5CED56482F /* AVFoundation.framework */,
				94A84E208EF64E224A7106A1 /* CoreMedia.framework */,
				F7B44D0E8EEB79D645E4BAE6 /* libsqlite3.dylib */,
				8A1C4DDB954C30D4CE1F2ADD /* libz.dylib */,
				97DD477D9E01D9640FA23D72 /* libz.1.2.5.dylib */,
				56FB4144BC1AFA0FE4DAEE90 /* libstdc++.6.0.9.dylib */,
				C0EF4283ADFD66B88F2E9B20 /* libresolv.dylib */,
			);
			name = Frameworks;
			sourceTree = "<group>";
		};
		A33B2E391D8BDC4F00A90EC6 /* Products */ = {
			isa = PBXGroup;
			children = (
				A33B2E471D8BDC5300A90EC6 /* libRNVectorIcons.a */,
			);
			name = Products;
			sourceTree = "<group>";
		};
		A39AE5401E5353C600A8E105 /* Products */ = {
			isa = PBXGroup;
			children = (
				A39AE5451E5353C600A8E105 /* libRCTAnimation.a */,
				A39AE5471E5353C600A8E105 /* libRCTAnimation-tvOS.a */,
			);
			name = Products;
			sourceTree = "<group>";
		};
		A39AE5891E55EB8300A8E105 /* KTPlaySDK */ = {
			isa = PBXGroup;
			children = (
				A39AE58A1E55EB8300A8E105 /* KTPlay */,
				A39AE5961E55EB8300A8E105 /* Libraries */,
			);
			path = KTPlaySDK;
			sourceTree = "<group>";
		};
		A39AE58A1E55EB8300A8E105 /* KTPlay */ = {
			isa = PBXGroup;
			children = (
				A39AE58C1E55EB8300A8E105 /* KTAccountManager.h */,
				A39AE58D1E55EB8300A8E105 /* ktplay.bundle */,
				A39AE58E1E55EB8300A8E105 /* KTPlay.h */,
				A39AE58F1E55EB8300A8E105 /* ktplayAD.bundle */,
				A39AE5901E55EB8300A8E105 /* ktplayVideo.bundle */,
				A39AE5911E55EB8300A8E105 /* KTUser.h */,
				A39AE5921E55EB8300A8E105 /* libKtplay_iphoneos.a */,
				A39AE5931E55EB8300A8E105 /* libKtplay_iphonesimulator.a */,
				A39AE5941E55EB8300A8E105 /* libKtplayAd.a */,
				A39AE5951E55EB8300A8E105 /* libKtplayVideo.a */,
			);
			path = KTPlay;
			sourceTree = "<group>";
		};
		A39AE5961E55EB8300A8E105 /* Libraries */ = {
			isa = PBXGroup;
			children = (
				A39AE5971E55EB8300A8E105 /* CAEAGLLayerCategory */,
				A39AE5991E55EB8300A8E105 /* FMDB_2.5 */,
				A39AE59B1E55EB8300A8E105 /* Masonry_0.6.3 */,
				A39AE59D1E55EB8300A8E105 /* OpenUDID */,
				A39AE59F1E55EB8300A8E105 /* UnityPatch */,
			);
			path = Libraries;
			sourceTree = "<group>";
		};
		A39AE5971E55EB8300A8E105 /* CAEAGLLayerCategory */ = {
			isa = PBXGroup;
			children = (
				A39AE5981E55EB8300A8E105 /* libCAEAGLLayerCategory.a */,
			);
			path = CAEAGLLayerCategory;
			sourceTree = "<group>";
		};
		A39AE5991E55EB8300A8E105 /* FMDB_2.5 */ = {
			isa = PBXGroup;
			children = (
				A39AE59A1E55EB8300A8E105 /* libFMDB.a */,
			);
			path = FMDB_2.5;
			sourceTree = "<group>";
		};
		A39AE59B1E55EB8300A8E105 /* Masonry_0.6.3 */ = {
			isa = PBXGroup;
			children = (
				A39AE59C1E55EB8300A8E105 /* libMasonry.a */,
			);
			path = Masonry_0.6.3;
			sourceTree = "<group>";
		};
		A39AE59D1E55EB8300A8E105 /* OpenUDID */ = {
			isa = PBXGroup;
			children = (
				A39AE59E1E55EB8300A8E105 /* libOpenUDID.a */,
			);
			path = OpenUDID;
			sourceTree = "<group>";
		};
		A39AE59F1E55EB8300A8E105 /* UnityPatch */ = {
			isa = PBXGroup;
			children = (
				A39AE5A01E55EB8300A8E105 /* libUnityPatch.a */,
			);
			path = UnityPatch;
			sourceTree = "<group>";
		};
		A3E743981DA0E90000FEEED2 /* Products */ = {
			isa = PBXGroup;
			children = (
				A3E743A71DA0E90200FEEED2 /* libRNDeviceActivity.a */,
			);
			name = Products;
			sourceTree = "<group>";
		};
		A3F485EC1D9D624000901D2D /* Products */ = {
			isa = PBXGroup;
			children = (
				A3F485FB1D9D624200901D2D /* libRNDeviceInfo.a */,
			);
			name = Products;
			sourceTree = "<group>";
		};
		A3FEEF981D9C2218001327C8 /* Products */ = {
			isa = PBXGroup;
			children = (
				A3FEEF9C1D9C2218001327C8 /* libART.a */,
			);
			name = Products;
			sourceTree = "<group>";
		};
/* End PBXGroup section */

/* Begin PBXNativeTarget section */
		13B07F861A680F5B00A75B9A /* Project */ = {
			isa = PBXNativeTarget;
			buildConfigurationList = 13B07F931A680F5B00A75B9A /* Build configuration list for PBXNativeTarget "Project" */;
			buildPhases = (
				13B07F871A680F5B00A75B9A /* Sources */,
				13B07F8C1A680F5B00A75B9A /* Frameworks */,
				13B07F8E1A680F5B00A75B9A /* Resources */,
				00DD1BFF1BD5951E006B06BC /* Bundle React Native code and images */,
			);
			buildRules = (
			);
			dependencies = (
			);
			name = Project;
			productName = "Hello World";
			productReference = 13B07F961A680F5B00A75B9A /* Project.app */;
			productType = "com.apple.product-type.application";
		};
/* End PBXNativeTarget section */

/* Begin PBXProject section */
		83CBB9F71A601CBA00E9B192 /* Project object */ = {
			isa = PBXProject;
			attributes = {
				LastUpgradeCheck = 800;
				ORGANIZATIONNAME = Facebook;
				TargetAttributes = {
					13B07F861A680F5B00A75B9A = {
						DevelopmentTeam = 6MT5ECDK2B;
						ProvisioningStyle = Automatic;
					};
				};
			};
			buildConfigurationList = 83CBB9FA1A601CBA00E9B192 /* Build configuration list for PBXProject "Project" */;
			compatibilityVersion = "Xcode 3.2";
			developmentRegion = English;
			hasScannedForEncodings = 0;
			knownRegions = (
				en,
				Base,
				"zh-Hans",
				"zh-Hant",
			);
			mainGroup = 83CBB9F61A601CBA00E9B192;
			productRefGroup = 83CBBA001A601CBA00E9B192 /* Products */;
			projectDirPath = "";
			projectReferences = (
				{
					ProductGroup = A3FEEF981D9C2218001327C8 /* Products */;
					ProjectRef = A3FEEF971D9C2218001327C8 /* ART.xcodeproj */;
				},
				{
					ProductGroup = 00C302A81ABCB8CE00DB3ED1 /* Products */;
					ProjectRef = 00C302A71ABCB8CE00DB3ED1 /* RCTActionSheet.xcodeproj */;
				},
				{
					ProductGroup = A39AE5401E5353C600A8E105 /* Products */;
					ProjectRef = A39AE53F1E5353C600A8E105 /* RCTAnimation.xcodeproj */;
				},
				{
					ProductGroup = 00C302B61ABCB90400DB3ED1 /* Products */;
					ProjectRef = 00C302B51ABCB90400DB3ED1 /* RCTGeolocation.xcodeproj */;
				},
				{
					ProductGroup = 00C302BC1ABCB91800DB3ED1 /* Products */;
					ProjectRef = 00C302BB1ABCB91800DB3ED1 /* RCTImage.xcodeproj */;
				},
				{
					ProductGroup = 78C398B11ACF4ADC00677621 /* Products */;
					ProjectRef = 78C398B01ACF4ADC00677621 /* RCTLinking.xcodeproj */;
				},
				{
					ProductGroup = 00C302D41ABCB9D200DB3ED1 /* Products */;
					ProjectRef = 00C302D31ABCB9D200DB3ED1 /* RCTNetwork.xcodeproj */;
				},
				{
					ProductGroup = 139105B71AF99BAD00B5F7CC /* Products */;
					ProjectRef = 139105B61AF99BAD00B5F7CC /* RCTSettings.xcodeproj */;
				},
				{
					ProductGroup = 832341B11AAA6A8300B99B32 /* Products */;
					ProjectRef = 832341B01AAA6A8300B99B32 /* RCTText.xcodeproj */;
				},
				{
					ProductGroup = 00C302E01ABCB9EE00DB3ED1 /* Products */;
					ProjectRef = 00C302DF1ABCB9EE00DB3ED1 /* RCTVibration.xcodeproj */;
				},
				{
					ProductGroup = 139FDEE71B06529A00C62182 /* Products */;
					ProjectRef = 139FDEE61B06529A00C62182 /* RCTWebSocket.xcodeproj */;
				},
				{
					ProductGroup = 146834001AC3E56700842450 /* Products */;
					ProjectRef = 146833FF1AC3E56700842450 /* React.xcodeproj */;
				},
				{
					ProductGroup = A30CD8F41DA16BFD00CBC808 /* Products */;
					ProjectRef = 1E857B4B23754FABB48B91A2 /* RNAdMobManager.xcodeproj */;
				},
				{
					ProductGroup = A3E743981DA0E90000FEEED2 /* Products */;
					ProjectRef = 4A64DE6810D5410998B69150 /* RNDeviceActivity.xcodeproj */;
				},
				{
					ProductGroup = A3F485EC1D9D624000901D2D /* Products */;
					ProjectRef = AC94960C7AC5421791097747 /* RNDeviceInfo.xcodeproj */;
				},
				{
					ProductGroup = A33B2E391D8BDC4F00A90EC6 /* Products */;
					ProjectRef = C8061FD5827440F4B4B38534 /* RNVectorIcons.xcodeproj */;
				},
			);
			projectRoot = "";
			targets = (
				13B07F861A680F5B00A75B9A /* Project */,
			);
		};
/* End PBXProject section */

/* Begin PBXReferenceProxy section */
		00C302AC1ABCB8CE00DB3ED1 /* libRCTActionSheet.a */ = {
			isa = PBXReferenceProxy;
			fileType = archive.ar;
			path = libRCTActionSheet.a;
			remoteRef = 00C302AB1ABCB8CE00DB3ED1 /* PBXContainerItemProxy */;
			sourceTree = BUILT_PRODUCTS_DIR;
		};
		00C302BA1ABCB90400DB3ED1 /* libRCTGeolocation.a */ = {
			isa = PBXReferenceProxy;
			fileType = archive.ar;
			path = libRCTGeolocation.a;
			remoteRef = 00C302B91ABCB90400DB3ED1 /* PBXContainerItemProxy */;
			sourceTree = BUILT_PRODUCTS_DIR;
		};
		00C302C01ABCB91800DB3ED1 /* libRCTImage.a */ = {
			isa = PBXReferenceProxy;
			fileType = archive.ar;
			path = libRCTImage.a;
			remoteRef = 00C302BF1ABCB91800DB3ED1 /* PBXContainerItemProxy */;
			sourceTree = BUILT_PRODUCTS_DIR;
		};
		00C302DC1ABCB9D200DB3ED1 /* libRCTNetwork.a */ = {
			isa = PBXReferenceProxy;
			fileType = archive.ar;
			path = libRCTNetwork.a;
			remoteRef = 00C302DB1ABCB9D200DB3ED1 /* PBXContainerItemProxy */;
			sourceTree = BUILT_PRODUCTS_DIR;
		};
		00C302E41ABCB9EE00DB3ED1 /* libRCTVibration.a */ = {
			isa = PBXReferenceProxy;
			fileType = archive.ar;
			path = libRCTVibration.a;
			remoteRef = 00C302E31ABCB9EE00DB3ED1 /* PBXContainerItemProxy */;
			sourceTree = BUILT_PRODUCTS_DIR;
		};
		139105C11AF99BAD00B5F7CC /* libRCTSettings.a */ = {
			isa = PBXReferenceProxy;
			fileType = archive.ar;
			path = libRCTSettings.a;
			remoteRef = 139105C01AF99BAD00B5F7CC /* PBXContainerItemProxy */;
			sourceTree = BUILT_PRODUCTS_DIR;
		};
		139FDEF41B06529B00C62182 /* libRCTWebSocket.a */ = {
			isa = PBXReferenceProxy;
			fileType = archive.ar;
			path = libRCTWebSocket.a;
			remoteRef = 139FDEF31B06529B00C62182 /* PBXContainerItemProxy */;
			sourceTree = BUILT_PRODUCTS_DIR;
		};
		146834041AC3E56700842450 /* libReact.a */ = {
			isa = PBXReferenceProxy;
			fileType = archive.ar;
			path = libReact.a;
			remoteRef = 146834031AC3E56700842450 /* PBXContainerItemProxy */;
			sourceTree = BUILT_PRODUCTS_DIR;
		};
		78C398B91ACF4ADC00677621 /* libRCTLinking.a */ = {
			isa = PBXReferenceProxy;
			fileType = archive.ar;
			path = libRCTLinking.a;
			remoteRef = 78C398B81ACF4ADC00677621 /* PBXContainerItemProxy */;
			sourceTree = BUILT_PRODUCTS_DIR;
		};
		832341B51AAA6A8300B99B32 /* libRCTText.a */ = {
			isa = PBXReferenceProxy;
			fileType = archive.ar;
			path = libRCTText.a;
			remoteRef = 832341B41AAA6A8300B99B32 /* PBXContainerItemProxy */;
			sourceTree = BUILT_PRODUCTS_DIR;
		};
		A30CD9031DA16BFD00CBC808 /* libRNAdMobManager.a */ = {
			isa = PBXReferenceProxy;
			fileType = archive.ar;
			path = libRNAdMobManager.a;
			remoteRef = A30CD9021DA16BFD00CBC808 /* PBXContainerItemProxy */;
			sourceTree = BUILT_PRODUCTS_DIR;
		};
		A33B2E471D8BDC5300A90EC6 /* libRNVectorIcons.a */ = {
			isa = PBXReferenceProxy;
			fileType = archive.ar;
			path = libRNVectorIcons.a;
			remoteRef = A33B2E461D8BDC5300A90EC6 /* PBXContainerItemProxy */;
			sourceTree = BUILT_PRODUCTS_DIR;
		};
		A39AE5211E534EEC00A8E105 /* libRCTImage-tvOS.a */ = {
			isa = PBXReferenceProxy;
			fileType = archive.ar;
			path = "libRCTImage-tvOS.a";
			remoteRef = A39AE5201E534EEC00A8E105 /* PBXContainerItemProxy */;
			sourceTree = BUILT_PRODUCTS_DIR;
		};
		A39AE5251E534EEC00A8E105 /* libRCTLinking-tvOS.a */ = {
			isa = PBXReferenceProxy;
			fileType = archive.ar;
			path = "libRCTLinking-tvOS.a";
			remoteRef = A39AE5241E534EEC00A8E105 /* PBXContainerItemProxy */;
			sourceTree = BUILT_PRODUCTS_DIR;
		};
		A39AE5291E534EEC00A8E105 /* libRCTNetwork-tvOS.a */ = {
			isa = PBXReferenceProxy;
			fileType = archive.ar;
			path = "libRCTNetwork-tvOS.a";
			remoteRef = A39AE5281E534EEC00A8E105 /* PBXContainerItemProxy */;
			sourceTree = BUILT_PRODUCTS_DIR;
		};
		A39AE52D1E534EEC00A8E105 /* libRCTSettings-tvOS.a */ = {
			isa = PBXReferenceProxy;
			fileType = archive.ar;
			path = "libRCTSettings-tvOS.a";
			remoteRef = A39AE52C1E534EEC00A8E105 /* PBXContainerItemProxy */;
			sourceTree = BUILT_PRODUCTS_DIR;
		};
		A39AE5311E534EEC00A8E105 /* libRCTText-tvOS.a */ = {
			isa = PBXReferenceProxy;
			fileType = archive.ar;
			path = "libRCTText-tvOS.a";
			remoteRef = A39AE5301E534EEC00A8E105 /* PBXContainerItemProxy */;
			sourceTree = BUILT_PRODUCTS_DIR;
		};
		A39AE5361E534EEC00A8E105 /* libRCTWebSocket-tvOS.a */ = {
			isa = PBXReferenceProxy;
			fileType = archive.ar;
			path = "libRCTWebSocket-tvOS.a";
			remoteRef = A39AE5351E534EEC00A8E105 /* PBXContainerItemProxy */;
			sourceTree = BUILT_PRODUCTS_DIR;
		};
		A39AE53A1E534EEC00A8E105 /* libReact-tvOS.a */ = {
			isa = PBXReferenceProxy;
			fileType = archive.ar;
			path = "libReact-tvOS.a";
			remoteRef = A39AE5391E534EEC00A8E105 /* PBXContainerItemProxy */;
			sourceTree = BUILT_PRODUCTS_DIR;
		};
		A39AE5451E5353C600A8E105 /* libRCTAnimation.a */ = {
			isa = PBXReferenceProxy;
			fileType = archive.ar;
			path = libRCTAnimation.a;
			remoteRef = A39AE5441E5353C600A8E105 /* PBXContainerItemProxy */;
			sourceTree = BUILT_PRODUCTS_DIR;
		};
		A39AE5471E5353C600A8E105 /* libRCTAnimation-tvOS.a */ = {
			isa = PBXReferenceProxy;
			fileType = archive.ar;
			path = "libRCTAnimation-tvOS.a";
			remoteRef = A39AE5461E5353C600A8E105 /* PBXContainerItemProxy */;
			sourceTree = BUILT_PRODUCTS_DIR;
		};
		A3E743A71DA0E90200FEEED2 /* libRNDeviceActivity.a */ = {
			isa = PBXReferenceProxy;
			fileType = archive.ar;
			path = libRNDeviceActivity.a;
			remoteRef = A3E743A61DA0E90200FEEED2 /* PBXContainerItemProxy */;
			sourceTree = BUILT_PRODUCTS_DIR;
		};
		A3F485FB1D9D624200901D2D /* libRNDeviceInfo.a */ = {
			isa = PBXReferenceProxy;
			fileType = archive.ar;
			path = libRNDeviceInfo.a;
			remoteRef = A3F485FA1D9D624200901D2D /* PBXContainerItemProxy */;
			sourceTree = BUILT_PRODUCTS_DIR;
		};
		A3FEEF9C1D9C2218001327C8 /* libART.a */ = {
			isa = PBXReferenceProxy;
			fileType = archive.ar;
			path = libART.a;
			remoteRef = A3FEEF9B1D9C2218001327C8 /* PBXContainerItemProxy */;
			sourceTree = BUILT_PRODUCTS_DIR;
		};
/* End PBXReferenceProxy section */

/* Begin PBXResourcesBuildPhase section */
		13B07F8E1A680F5B00A75B9A /* Resources */ = {
			isa = PBXResourcesBuildPhase;
			buildActionMask = 2147483647;
			files = (
				13B07FBF1A68108700A75B9A /* Images.xcassets in Resources */,
				894632DC6B3249B49E6EB470 /* Ionicons.ttf in Resources */,
				A39AE5A21E55EB8300A8E105 /* ktplay.bundle in Resources */,
				BEEE33BCBCBB497181F32AAE /* Entypo.ttf in Resources */,
				0A8E053E9D384173BBEB7B8C /* EvilIcons.ttf in Resources */,
				0ED722E5509648669949C6C0 /* FontAwesome.ttf in Resources */,
				EBA04B9EF1084048823F1F18 /* Foundation.ttf in Resources */,
				B78E3DC138154ADFB8F0087D /* MaterialIcons.ttf in Resources */,
				A39AE5A41E55EB8300A8E105 /* ktplayVideo.bundle in Resources */,
				2FFDA23B73F94BA78D05638F /* Octicons.ttf in Resources */,
				A39AE5A31E55EB8300A8E105 /* ktplayAD.bundle in Resources */,
				4C6936EC1D5349F8871EB879 /* Zocial.ttf in Resources */,
				A30CD8BF1DA0FA4200CBC808 /* InfoPlist.strings in Resources */,
			);
			runOnlyForDeploymentPostprocessing = 0;
		};
/* End PBXResourcesBuildPhase section */

/* Begin PBXShellScriptBuildPhase section */
		00DD1BFF1BD5951E006B06BC /* Bundle React Native code and images */ = {
			isa = PBXShellScriptBuildPhase;
			buildActionMask = 2147483647;
			files = (
			);
			inputPaths = (
			);
			name = "Bundle React Native code and images";
			outputPaths = (
			);
			runOnlyForDeploymentPostprocessing = 0;
			shellPath = /bin/sh;
			shellScript = "export NODE_BINARY=node\n../node_modules/react-native/packager/react-native-xcode.sh";
		};
/* End PBXShellScriptBuildPhase section */

/* Begin PBXSourcesBuildPhase section */
		13B07F871A680F5B00A75B9A /* Sources */ = {
			isa = PBXSourcesBuildPhase;
			buildActionMask = 2147483647;
			files = (
				13B07FBC1A68108700A75B9A /* AppDelegate.m in Sources */,
				A30CD96D1DA2A34E00CBC808 /* NativeManager.m in Sources */,
				13B07FC11A68108700A75B9A /* main.m in Sources */,
			);
			runOnlyForDeploymentPostprocessing = 0;
		};
/* End PBXSourcesBuildPhase section */

/* Begin PBXVariantGroup section */
		A30CD8C11DA0FA4200CBC808 /* InfoPlist.strings */ = {
			isa = PBXVariantGroup;
			children = (
				A30CD8C01DA0FA4200CBC808 /* Base */,
				A30CD8C21DA0FA5900CBC808 /* zh-Hans */,
				A30CD8C31DA0FA6200CBC808 /* zh-Hant */,
			);
			name = InfoPlist.strings;
			path = Project;
			sourceTree = "<group>";
		};
/* End PBXVariantGroup section */

/* Begin XCBuildConfiguration section */
		13B07F941A680F5B00A75B9A /* Debug */ = {
			isa = XCBuildConfiguration;
			buildSettings = {
				ASSETCATALOG_COMPILER_APPICON_NAME = AppIcon;
				ASSETCATALOG_COMPILER_LAUNCHIMAGE_NAME = LaunchImage;
				"CODE_SIGN_IDENTITY[sdk=iphoneos*]" = "iPhone Developer";
				DEAD_CODE_STRIPPING = NO;
				DEVELOPMENT_TEAM = 6MT5ECDK2B;
				FRAMEWORK_SEARCH_PATHS = (
					"$(inherited)",
					"$(PROJECT_DIR)",
					"$(PROJECT_DIR)/KTPlaySDK/KTPlay",
				);
				HEADER_SEARCH_PATHS = (
					"$(inherited)",
					/Applications/Xcode.app/Contents/Developer/Toolchains/XcodeDefault.xctoolchain/usr/include,
					"$(SRCROOT)/../node_modules/react-native/React/**",
					"$(SRCROOT)/../node_modules/react-native-vector-icons/RNVectorIconsManager",
					"$(SRCROOT)/../node_modules/react-native-device-info/RNDeviceInfo",
					"$(SRCROOT)/../node_modules/rn-device-activity/ios/RNDeviceActivity",
					"$(SRCROOT)/../node_modules/react-native-admob/ios",
				);
				INFOPLIST_FILE = Project/Info.plist;
				IPHONEOS_DEPLOYMENT_TARGET = 8.0;
				LD_RUNPATH_SEARCH_PATHS = "$(inherited) @executable_path/Frameworks";
				LIBRARY_SEARCH_PATHS = (
					"$(inherited)",
					"$(PROJECT_DIR)/KTPlaySDK/KTPlay",
					"$(PROJECT_DIR)/KTPlaySDK/Libraries/CAEAGLLayerCategory",
					"$(PROJECT_DIR)/KTPlaySDK/Libraries/FMDB_2.5",
					"$(PROJECT_DIR)/KTPlaySDK/Libraries/Masonry_0.6.3",
					"$(PROJECT_DIR)/KTPlaySDK/Libraries/OpenUDID",
					"$(PROJECT_DIR)/KTPlaySDK/Libraries/UnityPatch",
				);
				OTHER_LDFLAGS = (
					"$(inherited)",
					"-ObjC",
					"-lc++",
					"-lxml2",
				);
				PRODUCT_BUNDLE_IDENTIFIER = com.waiter.tenyears;
				PRODUCT_NAME = Project;
				PROVISIONING_PROFILE = "";
				PROVISIONING_PROFILE_SPECIFIER = "";
				TARGETED_DEVICE_FAMILY = "1,2";
			};
			name = Debug;
		};
		13B07F951A680F5B00A75B9A /* Release */ = {
			isa = XCBuildConfiguration;
			buildSettings = {
				ASSETCATALOG_COMPILER_APPICON_NAME = AppIcon;
				ASSETCATALOG_COMPILER_LAUNCHIMAGE_NAME = LaunchImage;
				"CODE_SIGN_IDENTITY[sdk=iphoneos*]" = "iPhone Developer";
				DEVELOPMENT_TEAM = 6MT5ECDK2B;
				FRAMEWORK_SEARCH_PATHS = (
					"$(inherited)",
					"$(PROJECT_DIR)",
					"$(PROJECT_DIR)/KTPlaySDK/KTPlay",
				);
				HEADER_SEARCH_PATHS = (
					"$(inherited)",
					/Applications/Xcode.app/Contents/Developer/Toolchains/XcodeDefault.xctoolchain/usr/include,
					"$(SRCROOT)/../node_modules/react-native/React/**",
					"$(SRCROOT)/../node_modules/react-native-vector-icons/RNVectorIconsManager",
					"$(SRCROOT)/../node_modules/react-native-device-info/RNDeviceInfo",
					"$(SRCROOT)/../node_modules/rn-device-activity/ios/RNDeviceActivity",
					"$(SRCROOT)/../node_modules/react-native-admob/ios",
				);
				INFOPLIST_FILE = Project/Info.plist;
				IPHONEOS_DEPLOYMENT_TARGET = 8.0;
				LD_RUNPATH_SEARCH_PATHS = "$(inherited) @executable_path/Frameworks";
				LIBRARY_SEARCH_PATHS = (
					"$(inherited)",
					"$(PROJECT_DIR)/KTPlaySDK/KTPlay",
					"$(PROJECT_DIR)/KTPlaySDK/Libraries/CAEAGLLayerCategory",
					"$(PROJECT_DIR)/KTPlaySDK/Libraries/FMDB_2.5",
					"$(PROJECT_DIR)/KTPlaySDK/Libraries/Masonry_0.6.3",
					"$(PROJECT_DIR)/KTPlaySDK/Libraries/OpenUDID",
					"$(PROJECT_DIR)/KTPlaySDK/Libraries/UnityPatch",
				);
				OTHER_LDFLAGS = (
					"$(inherited)",
					"-ObjC",
					"-lc++",
					"-lxml2",
				);
				PRODUCT_BUNDLE_IDENTIFIER = com.waiter.tenyears;
				PRODUCT_NAME = Project;
				PROVISIONING_PROFILE = "";
				PROVISIONING_PROFILE_SPECIFIER = "";
				TARGETED_DEVICE_FAMILY = "1,2";
			};
			name = Release;
		};
		83CBBA201A601CBA00E9B192 /* Debug */ = {
			isa = XCBuildConfiguration;
			buildSettings = {
				ALWAYS_SEARCH_USER_PATHS = NO;
				CLANG_ANALYZER_LOCALIZABILITY_NONLOCALIZED = YES;
				CLANG_CXX_LANGUAGE_STANDARD = "gnu++0x";
				CLANG_CXX_LIBRARY = "libc++";
				CLANG_ENABLE_MODULES = YES;
				CLANG_ENABLE_OBJC_ARC = YES;
				CLANG_WARN_BOOL_CONVERSION = YES;
				CLANG_WARN_CONSTANT_CONVERSION = YES;
				CLANG_WARN_DIRECT_OBJC_ISA_USAGE = YES_ERROR;
				CLANG_WARN_EMPTY_BODY = YES;
				CLANG_WARN_ENUM_CONVERSION = YES;
				CLANG_WARN_INFINITE_RECURSION = YES;
				CLANG_WARN_INT_CONVERSION = YES;
				CLANG_WARN_OBJC_ROOT_CLASS = YES_ERROR;
				CLANG_WARN_SUSPICIOUS_MOVE = YES;
				CLANG_WARN_UNREACHABLE_CODE = YES;
				CLANG_WARN__DUPLICATE_METHOD_MATCH = YES;
				"CODE_SIGN_IDENTITY[sdk=iphoneos*]" = "iPhone Developer";
				COPY_PHASE_STRIP = NO;
				ENABLE_STRICT_OBJC_MSGSEND = YES;
				ENABLE_TESTABILITY = YES;
				GCC_C_LANGUAGE_STANDARD = gnu99;
				GCC_DYNAMIC_NO_PIC = NO;
				GCC_NO_COMMON_BLOCKS = YES;
				GCC_OPTIMIZATION_LEVEL = 0;
				GCC_PREPROCESSOR_DEFINITIONS = (
					"DEBUG=1",
					"$(inherited)",
				);
				GCC_SYMBOLS_PRIVATE_EXTERN = NO;
				GCC_WARN_64_TO_32_BIT_CONVERSION = YES;
				GCC_WARN_ABOUT_RETURN_TYPE = YES_ERROR;
				GCC_WARN_UNDECLARED_SELECTOR = YES;
				GCC_WARN_UNINITIALIZED_AUTOS = YES_AGGRESSIVE;
				GCC_WARN_UNUSED_FUNCTION = YES;
				GCC_WARN_UNUSED_VARIABLE = YES;
				HEADER_SEARCH_PATHS = (
					"$(inherited)",
					/Applications/Xcode.app/Contents/Developer/Toolchains/XcodeDefault.xctoolchain/usr/include,
					"$(SRCROOT)/../node_modules/react-native/React/**",
					"$(SRCROOT)/../node_modules/react-native-vector-icons/RNVectorIconsManager",
					"$(SRCROOT)/../node_modules/react-native-device-info/RNDeviceInfo",
					"$(SRCROOT)/../node_modules/rn-device-activity/ios/RNDeviceActivity",
					"$(SRCROOT)/../node_modules/react-native-admob/ios",
				);
				IPHONEOS_DEPLOYMENT_TARGET = 8.0;
				MTL_ENABLE_DEBUG_INFO = YES;
				ONLY_ACTIVE_ARCH = YES;
				OTHER_LDFLAGS = (
					"-ObjC",
					"-lxml2",
				);
				SDKROOT = iphoneos;
			};
			name = Debug;
		};
		83CBBA211A601CBA00E9B192 /* Release */ = {
			isa = XCBuildConfiguration;
			buildSettings = {
				ALWAYS_SEARCH_USER_PATHS = NO;
				CLANG_ANALYZER_LOCALIZABILITY_NONLOCALIZED = YES;
				CLANG_CXX_LANGUAGE_STANDARD = "gnu++0x";
				CLANG_CXX_LIBRARY = "libc++";
				CLANG_ENABLE_MODULES = YES;
				CLANG_ENABLE_OBJC_ARC = YES;
				CLANG_WARN_BOOL_CONVERSION = YES;
				CLANG_WARN_CONSTANT_CONVERSION = YES;
				CLANG_WARN_DIRECT_OBJC_ISA_USAGE = YES_ERROR;
				CLANG_WARN_EMPTY_BODY = YES;
				CLANG_WARN_ENUM_CONVERSION = YES;
				CLANG_WARN_INFINITE_RECURSION = YES;
				CLANG_WARN_INT_CONVERSION = YES;
				CLANG_WARN_OBJC_ROOT_CLASS = YES_ERROR;
				CLANG_WARN_SUSPICIOUS_MOVE = YES;
				CLANG_WARN_UNREACHABLE_CODE = YES;
				CLANG_WARN__DUPLICATE_METHOD_MATCH = YES;
				"CODE_SIGN_IDENTITY[sdk=iphoneos*]" = "iPhone Developer";
				COPY_PHASE_STRIP = YES;
				ENABLE_NS_ASSERTIONS = NO;
				ENABLE_STRICT_OBJC_MSGSEND = YES;
				GCC_C_LANGUAGE_STANDARD = gnu99;
				GCC_NO_COMMON_BLOCKS = YES;
				GCC_WARN_64_TO_32_BIT_CONVERSION = YES;
				GCC_WARN_ABOUT_RETURN_TYPE = YES_ERROR;
				GCC_WARN_UNDECLARED_SELECTOR = YES;
				GCC_WARN_UNINITIALIZED_AUTOS = YES_AGGRESSIVE;
				GCC_WARN_UNUSED_FUNCTION = YES;
				GCC_WARN_UNUSED_VARIABLE = YES;
				HEADER_SEARCH_PATHS = (
					"$(inherited)",
					/Applications/Xcode.app/Contents/Developer/Toolchains/XcodeDefault.xctoolchain/usr/include,
					"$(SRCROOT)/../node_modules/react-native/React/**",
					"$(SRCROOT)/../node_modules/react-native-vector-icons/RNVectorIconsManager",
					"$(SRCROOT)/../node_modules/react-native-device-info/RNDeviceInfo",
					"$(SRCROOT)/../node_modules/rn-device-activity/ios/RNDeviceActivity",
					"$(SRCROOT)/../node_modules/react-native-admob/ios",
				);
				IPHONEOS_DEPLOYMENT_TARGET = 8.0;
				MTL_ENABLE_DEBUG_INFO = NO;
				OTHER_LDFLAGS = (
					"-ObjC",
					"-lxml2",
				);
				SDKROOT = iphoneos;
				VALIDATE_PRODUCT = YES;
			};
			name = Release;
		};
/* End XCBuildConfiguration section */

/* Begin XCConfigurationList section */
		13B07F931A680F5B00A75B9A /* Build configuration list for PBXNativeTarget "Project" */ = {
			isa = XCConfigurationList;
			buildConfigurations = (
				13B07F941A680F5B00A75B9A /* Debug */,
				13B07F951A680F5B00A75B9A /* Release */,
			);
			defaultConfigurationIsVisible = 0;
			defaultConfigurationName = Release;
		};
		83CBB9FA1A601CBA00E9B192 /* Build configuration list for PBXProject "Project" */ = {
			isa = XCConfigurationList;
			buildConfigurations = (
				83CBBA201A601CBA00E9B192 /* Debug */,
				83CBBA211A601CBA00E9B192 /* Release */,
			);
			defaultConfigurationIsVisible = 0;
			defaultConfigurationName = Release;
		};
/* End XCConfigurationList section */
	};
	rootObject = 83CBB9F71A601CBA00E9B192 /* Project object */;
}
